// !$*UTF8*$!
{
	archiveVersion = 1;
	classes = {
	};
	objectVersion = 50;
	objects = {

/* Begin PBXBuildFile section */
		2E88694125967039003A2DDE /* SnowSeekerApp.swift in Sources */ = {isa = PBXBuildFile; fileRef = 2E88694025967039003A2DDE /* SnowSeekerApp.swift */; };
		2E88694325967039003A2DDE /* ContentView.swift in Sources */ = {isa = PBXBuildFile; fileRef = 2E88694225967039003A2DDE /* ContentView.swift */; };
		2E8869452596703A003A2DDE /* Assets.xcassets in Resources */ = {isa = PBXBuildFile; fileRef = 2E8869442596703A003A2DDE /* Assets.xcassets */; };
		2E8869482596703A003A2DDE /* Preview Assets.xcassets in Resources */ = {isa = PBXBuildFile; fileRef = 2E8869472596703A003A2DDE /* Preview Assets.xcassets */; };
		2E886952259670FD003A2DDE /* resorts.json in Resources */ = {isa = PBXBuildFile; fileRef = 2E886951259670FD003A2DDE /* resorts.json */; };
		2E88695525967131003A2DDE /* Resort.swift in Sources */ = {isa = PBXBuildFile; fileRef = 2E88695425967131003A2DDE /* Resort.swift */; };
		2E886958259671F6003A2DDE /* Bundle-Decodable.swift in Sources */ = {isa = PBXBuildFile; fileRef = 2E886957259671F6003A2DDE /* Bundle-Decodable.swift */; };
		2E88695B25967403003A2DDE /* WelcomeView.swift in Sources */ = {isa = PBXBuildFile; fileRef = 2E88695A25967403003A2DDE /* WelcomeView.swift */; };
		2E88695E259675D6003A2DDE /* ResortView.swift in Sources */ = {isa = PBXBuildFile; fileRef = 2E88695D259675D6003A2DDE /* ResortView.swift */; };
		2E88696125967817003A2DDE /* SkiDetailsView.swift in Sources */ = {isa = PBXBuildFile; fileRef = 2E88696025967817003A2DDE /* SkiDetailsView.swift */; };
		2E8869642596789A003A2DDE /* ResortDetailsView.swift in Sources */ = {isa = PBXBuildFile; fileRef = 2E8869632596789A003A2DDE /* ResortDetailsView.swift */; };
		2E88696725969C53003A2DDE /* Facility.swift in Sources */ = {isa = PBXBuildFile; fileRef = 2E88696625969C53003A2DDE /* Facility.swift */; };
		2E88696A2596A271003A2DDE /* Favorites.swift in Sources */ = {isa = PBXBuildFile; fileRef = 2E8869692596A271003A2DDE /* Favorites.swift */; };
/* End PBXBuildFile section */

/* Begin PBXFileReference section */
		2E88693D25967039003A2DDE /* SnowSeeker.app */ = {isa = PBXFileReference; explicitFileType = wrapper.application; includeInIndex = 0; path = SnowSeeker.app; sourceTree = BUILT_PRODUCTS_DIR; };
		2E88694025967039003A2DDE /* SnowSeekerApp.swift */ = {isa = PBXFileReference; lastKnownFileType = sourcecode.swift; path = SnowSeekerApp.swift; sourceTree = "<group>"; };
		2E88694225967039003A2DDE /* ContentView.swift */ = {isa = PBXFileReference; lastKnownFileType = sourcecode.swift; path = ContentView.swift; sourceTree = "<group>"; };
		2E8869442596703A003A2DDE /* Assets.xcassets */ = {isa = PBXFileReference; lastKnownFileType = folder.assetcatalog; path = Assets.xcassets; sourceTree = "<group>"; };
		2E8869472596703A003A2DDE /* Preview Assets.xcassets */ = {isa = PBXFileReference; lastKnownFileType = folder.assetcatalog; path = "Preview Assets.xcassets"; sourceTree = "<group>"; };
		2E8869492596703A003A2DDE /* Info.plist */ = {isa = PBXFileReference; lastKnownFileType = text.plist.xml; path = Info.plist; sourceTree = "<group>"; };
		2E886951259670FD003A2DDE /* resorts.json */ = {isa = PBXFileReference; fileEncoding = 4; lastKnownFileType = text.json; path = resorts.json; sourceTree = "<group>"; };
		2E88695425967131003A2DDE /* Resort.swift */ = {isa = PBXFileReference; lastKnownFileType = sourcecode.swift; path = Resort.swift; sourceTree = "<group>"; };
		2E886957259671F6003A2DDE /* Bundle-Decodable.swift */ = {isa = PBXFileReference; lastKnownFileType = sourcecode.swift; path = "Bundle-Decodable.swift"; sourceTree = "<group>"; };
		2E88695A25967403003A2DDE /* WelcomeView.swift */ = {isa = PBXFileReference; lastKnownFileType = sourcecode.swift; path = WelcomeView.swift; sourceTree = "<group>"; };
		2E88695D259675D6003A2DDE /* ResortView.swift */ = {isa = PBXFileReference; lastKnownFileType = sourcecode.swift; path = ResortView.swift; sourceTree = "<group>"; };
		2E88696025967817003A2DDE /* SkiDetailsView.swift */ = {isa = PBXFileReference; lastKnownFileType = sourcecode.swift; path = SkiDetailsView.swift; sourceTree = "<group>"; };
		2E8869632596789A003A2DDE /* ResortDetailsView.swift */ = {isa = PBXFileReference; lastKnownFileType = sourcecode.swift; path = ResortDetailsView.swift; sourceTree = "<group>"; };
		2E88696625969C53003A2DDE /* Facility.swift */ = {isa = PBXFileReference; lastKnownFileType = sourcecode.swift; path = Facility.swift; sourceTree = "<group>"; };
		2E8869692596A271003A2DDE /* Favorites.swift */ = {isa = PBXFileReference; lastKnownFileType = sourcecode.swift; path = Favorites.swift; sourceTree = "<group>"; };
/* End PBXFileReference section */

/* Begin PBXFrameworksBuildPhase section */
		2E88693A25967039003A2DDE /* Frameworks */ = {
			isa = PBXFrameworksBuildPhase;
			buildActionMask = 2147483647;
			files = (
			);
			runOnlyForDeploymentPostprocessing = 0;
		};
/* End PBXFrameworksBuildPhase section */

/* Begin PBXGroup section */
		2E88693425967039003A2DDE = {
			isa = PBXGroup;
			children = (
				2E88693F25967039003A2DDE /* SnowSeeker */,
				2E88693E25967039003A2DDE /* Products */,
			);
			sourceTree = "<group>";
		};
		2E88693E25967039003A2DDE /* Products */ = {
			isa = PBXGroup;
			children = (
				2E88693D25967039003A2DDE /* SnowSeeker.app */,
			);
			name = Products;
			sourceTree = "<group>";
		};
		2E88693F25967039003A2DDE /* SnowSeeker */ = {
			isa = PBXGroup;
			children = (
				2E886951259670FD003A2DDE /* resorts.json */,
				2E88694025967039003A2DDE /* SnowSeekerApp.swift */,
				2E88694225967039003A2DDE /* ContentView.swift */,
				2E88695A25967403003A2DDE /* WelcomeView.swift */,
				2E88695D259675D6003A2DDE /* ResortView.swift */,
				2E88695425967131003A2DDE /* Resort.swift */,
				2E88696025967817003A2DDE /* SkiDetailsView.swift */,
				2E88696625969C53003A2DDE /* Facility.swift */,
				2E8869692596A271003A2DDE /* Favorites.swift */,
				2E8869632596789A003A2DDE /* ResortDetailsView.swift */,
				2E886957259671F6003A2DDE /* Bundle-Decodable.swift */,
				2E8869442596703A003A2DDE /* Assets.xcassets */,
				2E8869492596703A003A2DDE /* Info.plist */,
				2E8869462596703A003A2DDE /* Preview Content */,
			);
			path = SnowSeeker;
			sourceTree = "<group>";
		};
		2E8869462596703A003A2DDE /* Preview Content */ = {
			isa = PBXGroup;
			children = (
				2E8869472596703A003A2DDE /* Preview Assets.xcassets */,
			);
			path = "Preview Content";
			sourceTree = "<group>";
		};
/* End PBXGroup section */

/* Begin PBXNativeTarget section */
		2E88693C25967039003A2DDE /* SnowSeeker */ = {
			isa = PBXNativeTarget;
			buildConfigurationList = 2E88694C2596703A003A2DDE /* Build configuration list for PBXNativeTarget "SnowSeeker" */;
			buildPhases = (
				2E88693925967039003A2DDE /* Sources */,
				2E88693A25967039003A2DDE /* Frameworks */,
				2E88693B25967039003A2DDE /* Resources */,
			);
			buildRules = (
			);
			dependencies = (
			);
			name = SnowSeeker;
			productName = SnowSeeker;
			productReference = 2E88693D25967039003A2DDE /* SnowSeeker.app */;
			productType = "com.apple.product-type.application";
		};
/* End PBXNativeTarget section */

/* Begin PBXProject section */
		2E88693525967039003A2DDE /* Project object */ = {
			isa = PBXProject;
			attributes = {
				LastSwiftUpdateCheck = 1220;
				LastUpgradeCheck = 1220;
				TargetAttributes = {
					2E88693C25967039003A2DDE = {
						CreatedOnToolsVersion = 12.2;
					};
				};
			};
			buildConfigurationList = 2E88693825967039003A2DDE /* Build configuration list for PBXProject "SnowSeeker" */;
			compatibilityVersion = "Xcode 9.3";
			developmentRegion = en;
			hasScannedForEncodings = 0;
			knownRegions = (
				en,
				Base,
			);
			mainGroup = 2E88693425967039003A2DDE;
			productRefGroup = 2E88693E25967039003A2DDE /* Products */;
			projectDirPath = "";
			projectRoot = "";
			targets = (
				2E88693C25967039003A2DDE /* SnowSeeker */,
			);
		};
/* End PBXProject section */

/* Begin PBXResourcesBuildPhase section */
		2E88693B25967039003A2DDE /* Resources */ = {
			isa = PBXResourcesBuildPhase;
			buildActionMask = 2147483647;
			files = (
				2E886952259670FD003A2DDE /* resorts.json in Resources */,
				2E8869482596703A003A2DDE /* Preview Assets.xcassets in Resources */,
				2E8869452596703A003A2DDE /* Assets.xcassets in Resources */,
			);
			runOnlyForDeploymentPostprocessing = 0;
		};
/* End PBXResourcesBuildPhase section */

/* Begin PBXSourcesBuildPhase section */
		2E88693925967039003A2DDE /* Sources */ = {
			isa = PBXSourcesBuildPhase;
			buildActionMask = 2147483647;
			files = (
				2E88695B25967403003A2DDE /* WelcomeView.swift in Sources */,
				2E88696125967817003A2DDE /* SkiDetailsView.swift in Sources */,
				2E8869642596789A003A2DDE /* ResortDetailsView.swift in Sources */,
				2E88696A2596A271003A2DDE /* Favorites.swift in Sources */,
				2E88696725969C53003A2DDE /* Facility.swift in Sources */,
				2E88694325967039003A2DDE /* ContentView.swift in Sources */,
				2E88695525967131003A2DDE /* Resort.swift in Sources */,
				2E88695E259675D6003A2DDE /* ResortView.swift in Sources */,
				2E88694125967039003A2DDE /* SnowSeekerApp.swift in Sources */,
				2E886958259671F6003A2DDE /* Bundle-Decodable.swift in Sources */,
			);
			runOnlyForDeploymentPostprocessing = 0;
		};
/* End PBXSourcesBuildPhase section */

/* Begin XCBuildConfiguration section */
		2E88694A2596703A003A2DDE /* Debug */ = {
			isa = XCBuildConfiguration;
			buildSettings = {
				ALWAYS_SEARCH_USER_PATHS = NO;
				CLANG_ANALYZER_NONNULL = YES;
				CLANG_ANALYZER_NUMBER_OBJECT_CONVERSION = YES_AGGRESSIVE;
				CLANG_CXX_LANGUAGE_STANDARD = "gnu++14";
				CLANG_CXX_LIBRARY = "libc++";
				CLANG_ENABLE_MODULES = YES;
				CLANG_ENABLE_OBJC_ARC = YES;
				CLANG_ENABLE_OBJC_WEAK = YES;
				CLANG_WARN_BLOCK_CAPTURE_AUTORELEASING = YES;
				CLANG_WARN_BOOL_CONVERSION = YES;
				CLANG_WARN_COMMA = YES;
				CLANG_WARN_CONSTANT_CONVERSION = YES;
				CLANG_WARN_DEPRECATED_OBJC_IMPLEMENTATIONS = YES;
				CLANG_WARN_DIRECT_OBJC_ISA_USAGE = YES_ERROR;
				CLANG_WARN_DOCUMENTATION_COMMENTS = YES;
				CLANG_WARN_EMPTY_BODY = YES;
				CLANG_WARN_ENUM_CONVERSION = YES;
				CLANG_WARN_INFINITE_RECURSION = YES;
				CLANG_WARN_INT_CONVERSION = YES;
				CLANG_WARN_NON_LITERAL_NULL_CONVERSION = YES;
				CLANG_WARN_OBJC_IMPLICIT_RETAIN_SELF = YES;
				CLANG_WARN_OBJC_LITERAL_CONVERSION = YES;
				CLANG_WARN_OBJC_ROOT_CLASS = YES_ERROR;
				CLANG_WARN_QUOTED_INCLUDE_IN_FRAMEWORK_HEADER = YES;
				CLANG_WARN_RANGE_LOOP_ANALYSIS = YES;
				CLANG_WARN_STRICT_PROTOTYPES = YES;
				CLANG_WARN_SUSPICIOUS_MOVE = YES;
				CLANG_WARN_UNGUARDED_AVAILABILITY = YES_AGGRESSIVE;
				CLANG_WARN_UNREACHABLE_CODE = YES;
				CLANG_WARN__DUPLICATE_METHOD_MATCH = YES;
				COPY_PHASE_STRIP = NO;
				DEBUG_INFORMATION_FORMAT = dwarf;
				ENABLE_STRICT_OBJC_MSGSEND = YES;
				ENABLE_TESTABILITY = YES;
				GCC_C_LANGUAGE_STANDARD = gnu11;
				GCC_DYNAMIC_NO_PIC = NO;
				GCC_NO_COMMON_BLOCKS = YES;
				GCC_OPTIMIZATION_LEVEL = 0;
				GCC_PREPROCESSOR_DEFINITIONS = (
					"DEBUG=1",
					"$(inherited)",
				);
				GCC_WARN_64_TO_32_BIT_CONVERSION = YES;
				GCC_WARN_ABOUT_RETURN_TYPE = YES_ERROR;
				GCC_WARN_UNDECLARED_SELECTOR = YES;
				GCC_WARN_UNINITIALIZED_AUTOS = YES_AGGRESSIVE;
				GCC_WARN_UNUSED_FUNCTION = YES;
				GCC_WARN_UNUSED_VARIABLE = YES;
				IPHONEOS_DEPLOYMENT_TARGET = 14.2;
				MTL_ENABLE_DEBUG_INFO = INCLUDE_SOURCE;
				MTL_FAST_MATH = YES;
				ONLY_ACTIVE_ARCH = YES;
				SDKROOT = iphoneos;
				SWIFT_ACTIVE_COMPILATION_CONDITIONS = DEBUG;
				SWIFT_OPTIMIZATION_LEVEL = "-Onone";
			};
			name = Debug;
		};
		2E88694B2596703A003A2DDE /* Release */ = {
			isa = XCBuildConfiguration;
			buildSettings = {
				ALWAYS_SEARCH_USER_PATHS = NO;
				CLANG_ANALYZER_NONNULL = YES;
				CLANG_ANALYZER_NUMBER_OBJECT_CONVERSION = YES_AGGRESSIVE;
				CLANG_CXX_LANGUAGE_STANDARD = "gnu++14";
				CLANG_CXX_LIBRARY = "libc++";
				CLANG_ENABLE_MODULES = YES;
				CLANG_ENABLE_OBJC_ARC = YES;
				CLANG_ENABLE_OBJC_WEAK = YES;
				CLANG_WARN_BLOCK_CAPTURE_AUTORELEASING = YES;
				CLANG_WARN_BOOL_CONVERSION = YES;
				CLANG_WARN_COMMA = YES;
				CLANG_WARN_CONSTANT_CONVERSION = YES;
				CLANG_WARN_DEPRECATED_OBJC_IMPLEMENTATIONS = YES;
				CLANG_WARN_DIRECT_OBJC_ISA_USAGE = YES_ERROR;
				CLANG_WARN_DOCUMENTATION_COMMENTS = YES;
				CLANG_WARN_EMPTY_BODY = YES;
				CLANG_WARN_ENUM_CONVERSION = YES;
				CLANG_WARN_INFINITE_RECURSION = YES;
				CLANG_WARN_INT_CONVERSION = YES;
				CLANG_WARN_NON_LITERAL_NULL_CONVERSION = YES;
				CLANG_WARN_OBJC_IMPLICIT_RETAIN_SELF = YES;
				CLANG_WARN_OBJC_LITERAL_CONVERSION = YES;
				CLANG_WARN_OBJC_ROOT_CLASS = YES_ERROR;
				CLANG_WARN_QUOTED_INCLUDE_IN_FRAMEWORK_HEADER = YES;
				CLANG_WARN_RANGE_LOOP_ANALYSIS = YES;
				CLANG_WARN_STRICT_PROTOTYPES = YES;
				CLANG_WARN_SUSPICIOUS_MOVE = YES;
				CLANG_WARN_UNGUARDED_AVAILABILITY = YES_AGGRESSIVE;
				CLANG_WARN_UNREACHABLE_CODE = YES;
				CLANG_WARN__DUPLICATE_METHOD_MATCH = YES;
				COPY_PHASE_STRIP = NO;
				DEBUG_INFORMATION_FORMAT = "dwarf-with-dsym";
				ENABLE_NS_ASSERTIONS = NO;
				ENABLE_STRICT_OBJC_MSGSEND = YES;
				GCC_C_LANGUAGE_STANDARD = gnu11;
				GCC_NO_COMMON_BLOCKS = YES;
				GCC_WARN_64_TO_32_BIT_CONVERSION = YES;
				GCC_WARN_ABOUT_RETURN_TYPE = YES_ERROR;
				GCC_WARN_UNDECLARED_SELECTOR = YES;
				GCC_WARN_UNINITIALIZED_AUTOS = YES_AGGRESSIVE;
				GCC_WARN_UNUSED_FUNCTION = YES;
				GCC_WARN_UNUSED_VARIABLE = YES;
				IPHONEOS_DEPLOYMENT_TARGET = 14.2;
				MTL_ENABLE_DEBUG_INFO = NO;
				MTL_FAST_MATH = YES;
				SDKROOT = iphoneos;
				SWIFT_COMPILATION_MODE = wholemodule;
				SWIFT_OPTIMIZATION_LEVEL = "-O";
				VALIDATE_PRODUCT = YES;
			};
			name = Release;
		};
		2E88694D2596703A003A2DDE /* Debug */ = {
			isa = XCBuildConfiguration;
			buildSettings = {
				ASSETCATALOG_COMPILER_APPICON_NAME = AppIcon;
				ASSETCATALOG_COMPILER_GLOBAL_ACCENT_COLOR_NAME = AccentColor;
				CODE_SIGN_STYLE = Automatic;
				DEVELOPMENT_ASSET_PATHS = "\"SnowSeeker/Preview Content\"";
				DEVELOPMENT_TEAM = 8V9CKX4NBY;
				ENABLE_PREVIEWS = YES;
				INFOPLIST_FILE = SnowSeeker/Info.plist;
				IPHONEOS_DEPLOYMENT_TARGET = 14.0;
				LD_RUNPATH_SEARCH_PATHS = (
					"$(inherited)",
					"@executable_path/Frameworks",
				);
				PRODUCT_BUNDLE_IDENTIFIER = "Diogo-Melo.SnowSeeker";
				PRODUCT_NAME = "$(TARGET_NAME)";
				SWIFT_VERSION = 5.0;
				TARGETED_DEVICE_FAMILY = "1,2";
			};
			name = Debug;
		};
		2E88694E2596703A003A2DDE /* Release */ = {
			isa = XCBuildConfiguration;
			buildSettings = {
				ASSETCATALOG_COMPILER_APPICON_NAME = AppIcon;
				ASSETCATALOG_COMPILER_GLOBAL_ACCENT_COLOR_NAME = AccentColor;
				CODE_SIGN_STYLE = Automatic;
				DEVELOPMENT_ASSET_PATHS = "\"SnowSeeker/Preview Content\"";
				DEVELOPMENT_TEAM = 8V9CKX4NBY;
				ENABLE_PREVIEWS = YES;
				INFOPLIST_FILE = SnowSeeker/Info.plist;
				IPHONEOS_DEPLOYMENT_TARGET = 14.0;
				LD_RUNPATH_SEARCH_PATHS = (
					"$(inherited)",
					"@executable_path/Frameworks",
				);
				PRODUCT_BUNDLE_IDENTIFIER = "Diogo-Melo.SnowSeeker";
				PRODUCT_NAME = "$(TARGET_NAME)";
				SWIFT_VERSION = 5.0;
				TARGETED_DEVICE_FAMILY = "1,2";
			};
			name = Release;
		};
/* End XCBuildConfiguration section */

/* Begin XCConfigurationList section */
		2E88693825967039003A2DDE /* Build configuration list for PBXProject "SnowSeeker" */ = {
			isa = XCConfigurationList;
			buildConfigurations = (
				2E88694A2596703A003A2DDE /* Debug */,
				2E88694B2596703A003A2DDE /* Release */,
			);
			defaultConfigurationIsVisible = 0;
			defaultConfigurationName = Release;
		};
		2E88694C2596703A003A2DDE /* Build configuration list for PBXNativeTarget "SnowSeeker" */ = {
			isa = XCConfigurationList;
			buildConfigurations = (
				2E88694D2596703A003A2DDE /* Debug */,
				2E88694E2596703A003A2DDE /* Release */,
			);
			defaultConfigurationIsVisible = 0;
			defaultConfigurationName = Release;
		};
/* End XCConfigurationList section */
	};
	rootObject = 2E88693525967039003A2DDE /* Project object */;
}
