// !$*UTF8*$!
{
	archiveVersion = 1;
	classes = {
	};
	objectVersion = 50;
	objects = {

/* Begin PBXBuildFile section */
		2E8728AD253CA4F800D4EF8F /* AppDelegate.swift in Sources */ = {isa = PBXBuildFile; fileRef = 2E8728AC253CA4F800D4EF8F /* AppDelegate.swift */; };
		2E8728AF253CA4F800D4EF8F /* SceneDelegate.swift in Sources */ = {isa = PBXBuildFile; fileRef = 2E8728AE253CA4F800D4EF8F /* SceneDelegate.swift */; };
		2E8728B2253CA4F800D4EF8F /* AccessibilityProject.xcdatamodeld in Sources */ = {isa = PBXBuildFile; fileRef = 2E8728B0253CA4F800D4EF8F /* AccessibilityProject.xcdatamodeld */; };
		2E8728B4253CA4F800D4EF8F /* ContentView.swift in Sources */ = {isa = PBXBuildFile; fileRef = 2E8728B3253CA4F800D4EF8F /* ContentView.swift */; };
		2E8728B6253CA4F900D4EF8F /* Assets.xcassets in Resources */ = {isa = PBXBuildFile; fileRef = 2E8728B5253CA4F900D4EF8F /* Assets.xcassets */; };
		2E8728B9253CA4F900D4EF8F /* Preview Assets.xcassets in Resources */ = {isa = PBXBuildFile; fileRef = 2E8728B8253CA4F900D4EF8F /* Preview Assets.xcassets */; };
		2E8728BC253CA4F900D4EF8F /* LaunchScreen.storyboard in Resources */ = {isa = PBXBuildFile; fileRef = 2E8728BA253CA4F900D4EF8F /* LaunchScreen.storyboard */; };
/* End PBXBuildFile section */

/* Begin PBXFileReference section */
		2E8728A9253CA4F800D4EF8F /* AccessibilityProject.app */ = {isa = PBXFileReference; explicitFileType = wrapper.application; includeInIndex = 0; path = AccessibilityProject.app; sourceTree = BUILT_PRODUCTS_DIR; };
		2E8728AC253CA4F800D4EF8F /* AppDelegate.swift */ = {isa = PBXFileReference; lastKnownFileType = sourcecode.swift; path = AppDelegate.swift; sourceTree = "<group>"; };
		2E8728AE253CA4F800D4EF8F /* SceneDelegate.swift */ = {isa = PBXFileReference; lastKnownFileType = sourcecode.swift; path = SceneDelegate.swift; sourceTree = "<group>"; };
		2E8728B1253CA4F800D4EF8F /* AccessibilityProject.xcdatamodel */ = {isa = PBXFileReference; lastKnownFileType = wrapper.xcdatamodel; path = AccessibilityProject.xcdatamodel; sourceTree = "<group>"; };
		2E8728B3253CA4F800D4EF8F /* ContentView.swift */ = {isa = PBXFileReference; lastKnownFileType = sourcecode.swift; path = ContentView.swift; sourceTree = "<group>"; };
		2E8728B5253CA4F900D4EF8F /* Assets.xcassets */ = {isa = PBXFileReference; lastKnownFileType = folder.assetcatalog; path = Assets.xcassets; sourceTree = "<group>"; };
		2E8728B8253CA4F900D4EF8F /* Preview Assets.xcassets */ = {isa = PBXFileReference; lastKnownFileType = folder.assetcatalog; path = "Preview Assets.xcassets"; sourceTree = "<group>"; };
		2E8728BB253CA4F900D4EF8F /* Base */ = {isa = PBXFileReference; lastKnownFileType = file.storyboard; name = Base; path = Base.lproj/LaunchScreen.storyboard; sourceTree = "<group>"; };
		2E8728BD253CA4F900D4EF8F /* Info.plist */ = {isa = PBXFileReference; lastKnownFileType = text.plist.xml; path = Info.plist; sourceTree = "<group>"; };
/* End PBXFileReference section */

/* Begin PBXFrameworksBuildPhase section */
		2E8728A6253CA4F800D4EF8F /* Frameworks */ = {
			isa = PBXFrameworksBuildPhase;
			buildActionMask = 2147483647;
			files = (
			);
			runOnlyForDeploymentPostprocessing = 0;
		};
/* End PBXFrameworksBuildPhase section */

/* Begin PBXGroup section */
		2E8728A0253CA4F800D4EF8F = {
			isa = PBXGroup;
			children = (
				2E8728AB253CA4F800D4EF8F /* AccessibilityProject */,
				2E8728AA253CA4F800D4EF8F /* Products */,
			);
			sourceTree = "<group>";
		};
		2E8728AA253CA4F800D4EF8F /* Products */ = {
			isa = PBXGroup;
			children = (
				2E8728A9253CA4F800D4EF8F /* AccessibilityProject.app */,
			);
			name = Products;
			sourceTree = "<group>";
		};
		2E8728AB253CA4F800D4EF8F /* AccessibilityProject */ = {
			isa = PBXGroup;
			children = (
				2E8728AC253CA4F800D4EF8F /* AppDelegate.swift */,
				2E8728AE253CA4F800D4EF8F /* SceneDelegate.swift */,
				2E8728B3253CA4F800D4EF8F /* ContentView.swift */,
				2E8728B5253CA4F900D4EF8F /* Assets.xcassets */,
				2E8728BA253CA4F900D4EF8F /* LaunchScreen.storyboard */,
				2E8728BD253CA4F900D4EF8F /* Info.plist */,
				2E8728B0253CA4F800D4EF8F /* AccessibilityProject.xcdatamodeld */,
				2E8728B7253CA4F900D4EF8F /* Preview Content */,
			);
			path = AccessibilityProject;
			sourceTree = "<group>";
		};
		2E8728B7253CA4F900D4EF8F /* Preview Content */ = {
			isa = PBXGroup;
			children = (
				2E8728B8253CA4F900D4EF8F /* Preview Assets.xcassets */,
			);
			path = "Preview Content";
			sourceTree = "<group>";
		};
/* End PBXGroup section */

/* Begin PBXNativeTarget section */
		2E8728A8253CA4F800D4EF8F /* AccessibilityProject */ = {
			isa = PBXNativeTarget;
			buildConfigurationList = 2E8728C0253CA4FA00D4EF8F /* Build configuration list for PBXNativeTarget "AccessibilityProject" */;
			buildPhases = (
				2E8728A5253CA4F800D4EF8F /* Sources */,
				2E8728A6253CA4F800D4EF8F /* Frameworks */,
				2E8728A7253CA4F800D4EF8F /* Resources */,
			);
			buildRules = (
			);
			dependencies = (
			);
			name = AccessibilityProject;
			productName = AccessibilityProject;
			productReference = 2E8728A9253CA4F800D4EF8F /* AccessibilityProject.app */;
			productType = "com.apple.product-type.application";
		};
/* End PBXNativeTarget section */

/* Begin PBXProject section */
		2E8728A1253CA4F800D4EF8F /* Project object */ = {
			isa = PBXProject;
			attributes = {
				LastSwiftUpdateCheck = 1170;
				LastUpgradeCheck = 1170;
				ORGANIZATIONNAME = "Diogo Melo";
				TargetAttributes = {
					2E8728A8253CA4F800D4EF8F = {
						CreatedOnToolsVersion = 11.7;
					};
				};
			};
			buildConfigurationList = 2E8728A4253CA4F800D4EF8F /* Build configuration list for PBXProject "AccessibilityProject" */;
			compatibilityVersion = "Xcode 9.3";
			developmentRegion = en;
			hasScannedForEncodings = 0;
			knownRegions = (
				en,
				Base,
			);
			mainGroup = 2E8728A0253CA4F800D4EF8F;
			productRefGroup = 2E8728AA253CA4F800D4EF8F /* Products */;
			projectDirPath = "";
			projectRoot = "";
			targets = (
				2E8728A8253CA4F800D4EF8F /* AccessibilityProject */,
			);
		};
/* End PBXProject section */

/* Begin PBXResourcesBuildPhase section */
		2E8728A7253CA4F800D4EF8F /* Resources */ = {
			isa = PBXResourcesBuildPhase;
			buildActionMask = 2147483647;
			files = (
				2E8728BC253CA4F900D4EF8F /* LaunchScreen.storyboard in Resources */,
				2E8728B9253CA4F900D4EF8F /* Preview Assets.xcassets in Resources */,
				2E8728B6253CA4F900D4EF8F /* Assets.xcassets in Resources */,
			);
			runOnlyForDeploymentPostprocessing = 0;
		};
/* End PBXResourcesBuildPhase section */

/* Begin PBXSourcesBuildPhase section */
		2E8728A5253CA4F800D4EF8F /* Sources */ = {
			isa = PBXSourcesBuildPhase;
			buildActionMask = 2147483647;
			files = (
				2E8728AD253CA4F800D4EF8F /* AppDelegate.swift in Sources */,
				2E8728B2253CA4F800D4EF8F /* AccessibilityProject.xcdatamodeld in Sources */,
				2E8728B4253CA4F800D4EF8F /* ContentView.swift in Sources */,
				2E8728AF253CA4F800D4EF8F /* SceneDelegate.swift in Sources */,
			);
			runOnlyForDeploymentPostprocessing = 0;
		};
/* End PBXSourcesBuildPhase section */

/* Begin PBXVariantGroup section */
		2E8728BA253CA4F900D4EF8F /* LaunchScreen.storyboard */ = {
			isa = PBXVariantGroup;
			children = (
				2E8728BB253CA4F900D4EF8F /* Base */,
			);
			name = LaunchScreen.storyboard;
			sourceTree = "<group>";
		};
/* End PBXVariantGroup section */

/* Begin XCBuildConfiguration section */
		2E8728BE253CA4FA00D4EF8F /* Debug */ = {
			isa = XCBuildConfiguration;
			buildSettings = {
				ALWAYS_SEARCH_USER_PATHS = NO;
				CLANG_ANALYZER_NONNULL = YES;
				CLANG_ANALYZER_NUMBER_OBJECT_CONVERSION = YES_AGGRESSIVE;
				CLANG_CXX_LANGUAGE_STANDARD = "gnu++14";
				CLANG_CXX_LIBRARY = "libc++";
				CLANG_ENABLE_MODULES = YES;
				CLANG_ENABLE_OBJC_ARC = YES;
				CLANG_ENABLE_OBJC_WEAK = YES;
				CLANG_WARN_BLOCK_CAPTURE_AUTORELEASING = YES;
				CLANG_WARN_BOOL_CONVERSION = YES;
				CLANG_WARN_COMMA = YES;
				CLANG_WARN_CONSTANT_CONVERSION = YES;
				CLANG_WARN_DEPRECATED_OBJC_IMPLEMENTATIONS = YES;
				CLANG_WARN_DIRECT_OBJC_ISA_USAGE = YES_ERROR;
				CLANG_WARN_DOCUMENTATION_COMMENTS = YES;
				CLANG_WARN_EMPTY_BODY = YES;
				CLANG_WARN_ENUM_CONVERSION = YES;
				CLANG_WARN_INFINITE_RECURSION = YES;
				CLANG_WARN_INT_CONVERSION = YES;
				CLANG_WARN_NON_LITERAL_NULL_CONVERSION = YES;
				CLANG_WARN_OBJC_IMPLICIT_RETAIN_SELF = YES;
				CLANG_WARN_OBJC_LITERAL_CONVERSION = YES;
				CLANG_WARN_OBJC_ROOT_CLASS = YES_ERROR;
				CLANG_WARN_RANGE_LOOP_ANALYSIS = YES;
				CLANG_WARN_STRICT_PROTOTYPES = YES;
				CLANG_WARN_SUSPICIOUS_MOVE = YES;
				CLANG_WARN_UNGUARDED_AVAILABILITY = YES_AGGRESSIVE;
				CLANG_WARN_UNREACHABLE_CODE = YES;
				CLANG_WARN__DUPLICATE_METHOD_MATCH = YES;
				COPY_PHASE_STRIP = NO;
				DEBUG_INFORMATION_FORMAT = dwarf;
				ENABLE_STRICT_OBJC_MSGSEND = YES;
				ENABLE_TESTABILITY = YES;
				GCC_C_LANGUAGE_STANDARD = gnu11;
				GCC_DYNAMIC_NO_PIC = NO;
				GCC_NO_COMMON_BLOCKS = YES;
				GCC_OPTIMIZATION_LEVEL = 0;
				GCC_PREPROCESSOR_DEFINITIONS = (
					"DEBUG=1",
					"$(inherited)",
				);
				GCC_WARN_64_TO_32_BIT_CONVERSION = YES;
				GCC_WARN_ABOUT_RETURN_TYPE = YES_ERROR;
				GCC_WARN_UNDECLARED_SELECTOR = YES;
				GCC_WARN_UNINITIALIZED_AUTOS = YES_AGGRESSIVE;
				GCC_WARN_UNUSED_FUNCTION = YES;
				GCC_WARN_UNUSED_VARIABLE = YES;
				IPHONEOS_DEPLOYMENT_TARGET = 13.7;
				MTL_ENABLE_DEBUG_INFO = INCLUDE_SOURCE;
				MTL_FAST_MATH = YES;
				ONLY_ACTIVE_ARCH = YES;
				SDKROOT = iphoneos;
				SWIFT_ACTIVE_COMPILATION_CONDITIONS = DEBUG;
				SWIFT_OPTIMIZATION_LEVEL = "-Onone";
			};
			name = Debug;
		};
		2E8728BF253CA4FA00D4EF8F /* Release */ = {
			isa = XCBuildConfiguration;
			buildSettings = {
				ALWAYS_SEARCH_USER_PATHS = NO;
				CLANG_ANALYZER_NONNULL = YES;
				CLANG_ANALYZER_NUMBER_OBJECT_CONVERSION = YES_AGGRESSIVE;
				CLANG_CXX_LANGUAGE_STANDARD = "gnu++14";
				CLANG_CXX_LIBRARY = "libc++";
				CLANG_ENABLE_MODULES = YES;
				CLANG_ENABLE_OBJC_ARC = YES;
				CLANG_ENABLE_OBJC_WEAK = YES;
				CLANG_WARN_BLOCK_CAPTURE_AUTORELEASING = YES;
				CLANG_WARN_BOOL_CONVERSION = YES;
				CLANG_WARN_COMMA = YES;
				CLANG_WARN_CONSTANT_CONVERSION = YES;
				CLANG_WARN_DEPRECATED_OBJC_IMPLEMENTATIONS = YES;
				CLANG_WARN_DIRECT_OBJC_ISA_USAGE = YES_ERROR;
				CLANG_WARN_DOCUMENTATION_COMMENTS = YES;
				CLANG_WARN_EMPTY_BODY = YES;
				CLANG_WARN_ENUM_CONVERSION = YES;
				CLANG_WARN_INFINITE_RECURSION = YES;
				CLANG_WARN_INT_CONVERSION = YES;
				CLANG_WARN_NON_LITERAL_NULL_CONVERSION = YES;
				CLANG_WARN_OBJC_IMPLICIT_RETAIN_SELF = YES;
				CLANG_WARN_OBJC_LITERAL_CONVERSION = YES;
				CLANG_WARN_OBJC_ROOT_CLASS = YES_ERROR;
				CLANG_WARN_RANGE_LOOP_ANALYSIS = YES;
				CLANG_WARN_STRICT_PROTOTYPES = YES;
				CLANG_WARN_SUSPICIOUS_MOVE = YES;
				CLANG_WARN_UNGUARDED_AVAILABILITY = YES_AGGRESSIVE;
				CLANG_WARN_UNREACHABLE_CODE = YES;
				CLANG_WARN__DUPLICATE_METHOD_MATCH = YES;
				COPY_PHASE_STRIP = NO;
				DEBUG_INFORMATION_FORMAT = "dwarf-with-dsym";
				ENABLE_NS_ASSERTIONS = NO;
				ENABLE_STRICT_OBJC_MSGSEND = YES;
				GCC_C_LANGUAGE_STANDARD = gnu11;
				GCC_NO_COMMON_BLOCKS = YES;
				GCC_WARN_64_TO_32_BIT_CONVERSION = YES;
				GCC_WARN_ABOUT_RETURN_TYPE = YES_ERROR;
				GCC_WARN_UNDECLARED_SELECTOR = YES;
				GCC_WARN_UNINITIALIZED_AUTOS = YES_AGGRESSIVE;
				GCC_WARN_UNUSED_FUNCTION = YES;
				GCC_WARN_UNUSED_VARIABLE = YES;
				IPHONEOS_DEPLOYMENT_TARGET = 13.7;
				MTL_ENABLE_DEBUG_INFO = NO;
				MTL_FAST_MATH = YES;
				SDKROOT = iphoneos;
				SWIFT_COMPILATION_MODE = wholemodule;
				SWIFT_OPTIMIZATION_LEVEL = "-O";
				VALIDATE_PRODUCT = YES;
			};
			name = Release;
		};
		2E8728C1253CA4FA00D4EF8F /* Debug */ = {
			isa = XCBuildConfiguration;
			buildSettings = {
				ASSETCATALOG_COMPILER_APPICON_NAME = AppIcon;
				CODE_SIGN_STYLE = Automatic;
				DEVELOPMENT_ASSET_PATHS = "\"AccessibilityProject/Preview Content\"";
				DEVELOPMENT_TEAM = 8V9CKX4NBY;
				ENABLE_PREVIEWS = YES;
				INFOPLIST_FILE = AccessibilityProject/Info.plist;
				LD_RUNPATH_SEARCH_PATHS = (
					"$(inherited)",
					"@executable_path/Frameworks",
				);
				PRODUCT_BUNDLE_IDENTIFIER = "Diogo-Melo.AccessibilityProject";
				PRODUCT_NAME = "$(TARGET_NAME)";
				SWIFT_VERSION = 5.0;
				TARGETED_DEVICE_FAMILY = "1,2";
			};
			name = Debug;
		};
		2E8728C2253CA4FA00D4EF8F /* Release */ = {
			isa = XCBuildConfiguration;
			buildSettings = {
				ASSETCATALOG_COMPILER_APPICON_NAME = AppIcon;
				CODE_SIGN_STYLE = Automatic;
				DEVELOPMENT_ASSET_PATHS = "\"AccessibilityProject/Preview Content\"";
				DEVELOPMENT_TEAM = 8V9CKX4NBY;
				ENABLE_PREVIEWS = YES;
				INFOPLIST_FILE = AccessibilityProject/Info.plist;
				LD_RUNPATH_SEARCH_PATHS = (
					"$(inherited)",
					"@executable_path/Frameworks",
				);
				PRODUCT_BUNDLE_IDENTIFIER = "Diogo-Melo.AccessibilityProject";
				PRODUCT_NAME = "$(TARGET_NAME)";
				SWIFT_VERSION = 5.0;
				TARGETED_DEVICE_FAMILY = "1,2";
			};
			name = Release;
		};
/* End XCBuildConfiguration section */

/* Begin XCConfigurationList section */
		2E8728A4253CA4F800D4EF8F /* Build configuration list for PBXProject "AccessibilityProject" */ = {
			isa = XCConfigurationList;
			buildConfigurations = (
				2E8728BE253CA4FA00D4EF8F /* Debug */,
				2E8728BF253CA4FA00D4EF8F /* Release */,
			);
			defaultConfigurationIsVisible = 0;
			defaultConfigurationName = Release;
		};
		2E8728C0253CA4FA00D4EF8F /* Build configuration list for PBXNativeTarget "AccessibilityProject" */ = {
			isa = XCConfigurationList;
			buildConfigurations = (
				2E8728C1253CA4FA00D4EF8F /* Debug */,
				2E8728C2253CA4FA00D4EF8F /* Release */,
			);
			defaultConfigurationIsVisible = 0;
			defaultConfigurationName = Release;
		};
/* End XCConfigurationList section */

/* Begin XCVersionGroup section */
		2E8728B0253CA4F800D4EF8F /* AccessibilityProject.xcdatamodeld */ = {
			isa = XCVersionGroup;
			children = (
				2E8728B1253CA4F800D4EF8F /* AccessibilityProject.xcdatamodel */,
			);
			currentVersion = 2E8728B1253CA4F800D4EF8F /* AccessibilityProject.xcdatamodel */;
			path = AccessibilityProject.xcdatamodeld;
			sourceTree = "<group>";
			versionGroupType = wrapper.xcdatamodel;
		};
/* End XCVersionGroup section */
	};
	rootObject = 2E8728A1253CA4F800D4EF8F /* Project object */;
}
