// !$*UTF8*$!
{
	archiveVersion = 1;
	classes = {
	};
	objectVersion = 50;
	objects = {

/* Begin PBXBuildFile section */
		2E60DE0B25325B0A00BB50B7 /* FriendEntity+CoreDataClass.swift in Sources */ = {isa = PBXBuildFile; fileRef = 2E60DE0525325B0A00BB50B7 /* FriendEntity+CoreDataClass.swift */; };
		2E60DE0C25325B0A00BB50B7 /* FriendEntity+CoreDataProperties.swift in Sources */ = {isa = PBXBuildFile; fileRef = 2E60DE0625325B0A00BB50B7 /* FriendEntity+CoreDataProperties.swift */; };
		2E60DE0D25325B0A00BB50B7 /* UserEntity+CoreDataClass.swift in Sources */ = {isa = PBXBuildFile; fileRef = 2E60DE0725325B0A00BB50B7 /* UserEntity+CoreDataClass.swift */; };
		2E60DE0E25325B0A00BB50B7 /* UserEntity+CoreDataProperties.swift in Sources */ = {isa = PBXBuildFile; fileRef = 2E60DE0825325B0A00BB50B7 /* UserEntity+CoreDataProperties.swift */; };
		2E60DE0F25325B0A00BB50B7 /* TagEntity+CoreDataClass.swift in Sources */ = {isa = PBXBuildFile; fileRef = 2E60DE0925325B0A00BB50B7 /* TagEntity+CoreDataClass.swift */; };
		2E60DE1025325B0A00BB50B7 /* TagEntity+CoreDataProperties.swift in Sources */ = {isa = PBXBuildFile; fileRef = 2E60DE0A25325B0A00BB50B7 /* TagEntity+CoreDataProperties.swift */; };
		2E67657525321061000349C1 /* AppDelegate.swift in Sources */ = {isa = PBXBuildFile; fileRef = 2E67657425321061000349C1 /* AppDelegate.swift */; };
		2E67657725321061000349C1 /* SceneDelegate.swift in Sources */ = {isa = PBXBuildFile; fileRef = 2E67657625321061000349C1 /* SceneDelegate.swift */; };
		2E67657A25321061000349C1 /* FriendsChallenge.xcdatamodeld in Sources */ = {isa = PBXBuildFile; fileRef = 2E67657825321061000349C1 /* FriendsChallenge.xcdatamodeld */; };
		2E67657C25321061000349C1 /* ContentView.swift in Sources */ = {isa = PBXBuildFile; fileRef = 2E67657B25321061000349C1 /* ContentView.swift */; };
		2E67657E25321061000349C1 /* Assets.xcassets in Resources */ = {isa = PBXBuildFile; fileRef = 2E67657D25321061000349C1 /* Assets.xcassets */; };
		2E67658125321061000349C1 /* Preview Assets.xcassets in Resources */ = {isa = PBXBuildFile; fileRef = 2E67658025321061000349C1 /* Preview Assets.xcassets */; };
		2E67658425321061000349C1 /* LaunchScreen.storyboard in Resources */ = {isa = PBXBuildFile; fileRef = 2E67658225321061000349C1 /* LaunchScreen.storyboard */; };
		2E67658C2532109C000349C1 /* Friend.swift in Sources */ = {isa = PBXBuildFile; fileRef = 2E67658B2532109C000349C1 /* Friend.swift */; };
		2E67658E253228EE000349C1 /* DetailedView.swift in Sources */ = {isa = PBXBuildFile; fileRef = 2E67658D253228EE000349C1 /* DetailedView.swift */; };
/* End PBXBuildFile section */

/* Begin PBXFileReference section */
		2E60DE0525325B0A00BB50B7 /* FriendEntity+CoreDataClass.swift */ = {isa = PBXFileReference; lastKnownFileType = sourcecode.swift; path = "FriendEntity+CoreDataClass.swift"; sourceTree = "<group>"; };
		2E60DE0625325B0A00BB50B7 /* FriendEntity+CoreDataProperties.swift */ = {isa = PBXFileReference; lastKnownFileType = sourcecode.swift; path = "FriendEntity+CoreDataProperties.swift"; sourceTree = "<group>"; };
		2E60DE0725325B0A00BB50B7 /* UserEntity+CoreDataClass.swift */ = {isa = PBXFileReference; lastKnownFileType = sourcecode.swift; path = "UserEntity+CoreDataClass.swift"; sourceTree = "<group>"; };
		2E60DE0825325B0A00BB50B7 /* UserEntity+CoreDataProperties.swift */ = {isa = PBXFileReference; lastKnownFileType = sourcecode.swift; path = "UserEntity+CoreDataProperties.swift"; sourceTree = "<group>"; };
		2E60DE0925325B0A00BB50B7 /* TagEntity+CoreDataClass.swift */ = {isa = PBXFileReference; lastKnownFileType = sourcecode.swift; path = "TagEntity+CoreDataClass.swift"; sourceTree = "<group>"; };
		2E60DE0A25325B0A00BB50B7 /* TagEntity+CoreDataProperties.swift */ = {isa = PBXFileReference; lastKnownFileType = sourcecode.swift; path = "TagEntity+CoreDataProperties.swift"; sourceTree = "<group>"; };
		2E67657125321061000349C1 /* FriendsChallenge.app */ = {isa = PBXFileReference; explicitFileType = wrapper.application; includeInIndex = 0; path = FriendsChallenge.app; sourceTree = BUILT_PRODUCTS_DIR; };
		2E67657425321061000349C1 /* AppDelegate.swift */ = {isa = PBXFileReference; lastKnownFileType = sourcecode.swift; path = AppDelegate.swift; sourceTree = "<group>"; };
		2E67657625321061000349C1 /* SceneDelegate.swift */ = {isa = PBXFileReference; lastKnownFileType = sourcecode.swift; path = SceneDelegate.swift; sourceTree = "<group>"; };
		2E67657925321061000349C1 /* FriendsChallenge.xcdatamodel */ = {isa = PBXFileReference; lastKnownFileType = wrapper.xcdatamodel; path = FriendsChallenge.xcdatamodel; sourceTree = "<group>"; };
		2E67657B25321061000349C1 /* ContentView.swift */ = {isa = PBXFileReference; lastKnownFileType = sourcecode.swift; path = ContentView.swift; sourceTree = "<group>"; };
		2E67657D25321061000349C1 /* Assets.xcassets */ = {isa = PBXFileReference; lastKnownFileType = folder.assetcatalog; path = Assets.xcassets; sourceTree = "<group>"; };
		2E67658025321061000349C1 /* Preview Assets.xcassets */ = {isa = PBXFileReference; lastKnownFileType = folder.assetcatalog; path = "Preview Assets.xcassets"; sourceTree = "<group>"; };
		2E67658325321061000349C1 /* Base */ = {isa = PBXFileReference; lastKnownFileType = file.storyboard; name = Base; path = Base.lproj/LaunchScreen.storyboard; sourceTree = "<group>"; };
		2E67658525321061000349C1 /* Info.plist */ = {isa = PBXFileReference; lastKnownFileType = text.plist.xml; path = Info.plist; sourceTree = "<group>"; };
		2E67658B2532109C000349C1 /* Friend.swift */ = {isa = PBXFileReference; lastKnownFileType = sourcecode.swift; path = Friend.swift; sourceTree = "<group>"; };
		2E67658D253228EE000349C1 /* DetailedView.swift */ = {isa = PBXFileReference; lastKnownFileType = sourcecode.swift; path = DetailedView.swift; sourceTree = "<group>"; };
/* End PBXFileReference section */

/* Begin PBXFrameworksBuildPhase section */
		2E67656E25321061000349C1 /* Frameworks */ = {
			isa = PBXFrameworksBuildPhase;
			buildActionMask = 2147483647;
			files = (
			);
			runOnlyForDeploymentPostprocessing = 0;
		};
/* End PBXFrameworksBuildPhase section */

/* Begin PBXGroup section */
		2E67656825321061000349C1 = {
			isa = PBXGroup;
			children = (
				2E60DE0525325B0A00BB50B7 /* FriendEntity+CoreDataClass.swift */,
				2E60DE0625325B0A00BB50B7 /* FriendEntity+CoreDataProperties.swift */,
				2E60DE0725325B0A00BB50B7 /* UserEntity+CoreDataClass.swift */,
				2E60DE0825325B0A00BB50B7 /* UserEntity+CoreDataProperties.swift */,
				2E60DE0925325B0A00BB50B7 /* TagEntity+CoreDataClass.swift */,
				2E60DE0A25325B0A00BB50B7 /* TagEntity+CoreDataProperties.swift */,
				2E67658B2532109C000349C1 /* Friend.swift */,
				2E67657325321061000349C1 /* FriendsChallenge */,
				2E67657225321061000349C1 /* Products */,
			);
			sourceTree = "<group>";
		};
		2E67657225321061000349C1 /* Products */ = {
			isa = PBXGroup;
			children = (
				2E67657125321061000349C1 /* FriendsChallenge.app */,
			);
			name = Products;
			sourceTree = "<group>";
		};
		2E67657325321061000349C1 /* FriendsChallenge */ = {
			isa = PBXGroup;
			children = (
				2E67657425321061000349C1 /* AppDelegate.swift */,
				2E67657625321061000349C1 /* SceneDelegate.swift */,
				2E67657B25321061000349C1 /* ContentView.swift */,
				2E67658D253228EE000349C1 /* DetailedView.swift */,
				2E67657D25321061000349C1 /* Assets.xcassets */,
				2E67658225321061000349C1 /* LaunchScreen.storyboard */,
				2E67658525321061000349C1 /* Info.plist */,
				2E67657825321061000349C1 /* FriendsChallenge.xcdatamodeld */,
				2E67657F25321061000349C1 /* Preview Content */,
			);
			path = FriendsChallenge;
			sourceTree = "<group>";
		};
		2E67657F25321061000349C1 /* Preview Content */ = {
			isa = PBXGroup;
			children = (
				2E67658025321061000349C1 /* Preview Assets.xcassets */,
			);
			path = "Preview Content";
			sourceTree = "<group>";
		};
/* End PBXGroup section */

/* Begin PBXNativeTarget section */
		2E67657025321061000349C1 /* FriendsChallenge */ = {
			isa = PBXNativeTarget;
			buildConfigurationList = 2E67658825321061000349C1 /* Build configuration list for PBXNativeTarget "FriendsChallenge" */;
			buildPhases = (
				2E67656D25321061000349C1 /* Sources */,
				2E67656E25321061000349C1 /* Frameworks */,
				2E67656F25321061000349C1 /* Resources */,
			);
			buildRules = (
			);
			dependencies = (
			);
			name = FriendsChallenge;
			productName = FriendsChallenge;
			productReference = 2E67657125321061000349C1 /* FriendsChallenge.app */;
			productType = "com.apple.product-type.application";
		};
/* End PBXNativeTarget section */

/* Begin PBXProject section */
		2E67656925321061000349C1 /* Project object */ = {
			isa = PBXProject;
			attributes = {
				LastSwiftUpdateCheck = 1170;
				LastUpgradeCheck = 1170;
				ORGANIZATIONNAME = "Diogo Melo";
				TargetAttributes = {
					2E67657025321061000349C1 = {
						CreatedOnToolsVersion = 11.7;
					};
				};
			};
			buildConfigurationList = 2E67656C25321061000349C1 /* Build configuration list for PBXProject "FriendsChallenge" */;
			compatibilityVersion = "Xcode 9.3";
			developmentRegion = en;
			hasScannedForEncodings = 0;
			knownRegions = (
				en,
				Base,
			);
			mainGroup = 2E67656825321061000349C1;
			productRefGroup = 2E67657225321061000349C1 /* Products */;
			projectDirPath = "";
			projectRoot = "";
			targets = (
				2E67657025321061000349C1 /* FriendsChallenge */,
			);
		};
/* End PBXProject section */

/* Begin PBXResourcesBuildPhase section */
		2E67656F25321061000349C1 /* Resources */ = {
			isa = PBXResourcesBuildPhase;
			buildActionMask = 2147483647;
			files = (
				2E67658425321061000349C1 /* LaunchScreen.storyboard in Resources */,
				2E67658125321061000349C1 /* Preview Assets.xcassets in Resources */,
				2E67657E25321061000349C1 /* Assets.xcassets in Resources */,
			);
			runOnlyForDeploymentPostprocessing = 0;
		};
/* End PBXResourcesBuildPhase section */

/* Begin PBXSourcesBuildPhase section */
		2E67656D25321061000349C1 /* Sources */ = {
			isa = PBXSourcesBuildPhase;
			buildActionMask = 2147483647;
			files = (
				2E60DE0C25325B0A00BB50B7 /* FriendEntity+CoreDataProperties.swift in Sources */,
				2E67657A25321061000349C1 /* FriendsChallenge.xcdatamodeld in Sources */,
				2E67657525321061000349C1 /* AppDelegate.swift in Sources */,
				2E60DE0F25325B0A00BB50B7 /* TagEntity+CoreDataClass.swift in Sources */,
				2E60DE0E25325B0A00BB50B7 /* UserEntity+CoreDataProperties.swift in Sources */,
				2E67658C2532109C000349C1 /* Friend.swift in Sources */,
				2E60DE0D25325B0A00BB50B7 /* UserEntity+CoreDataClass.swift in Sources */,
				2E67657C25321061000349C1 /* ContentView.swift in Sources */,
				2E60DE0B25325B0A00BB50B7 /* FriendEntity+CoreDataClass.swift in Sources */,
				2E60DE1025325B0A00BB50B7 /* TagEntity+CoreDataProperties.swift in Sources */,
				2E67658E253228EE000349C1 /* DetailedView.swift in Sources */,
				2E67657725321061000349C1 /* SceneDelegate.swift in Sources */,
			);
			runOnlyForDeploymentPostprocessing = 0;
		};
/* End PBXSourcesBuildPhase section */

/* Begin PBXVariantGroup section */
		2E67658225321061000349C1 /* LaunchScreen.storyboard */ = {
			isa = PBXVariantGroup;
			children = (
				2E67658325321061000349C1 /* Base */,
			);
			name = LaunchScreen.storyboard;
			sourceTree = "<group>";
		};
/* End PBXVariantGroup section */

/* Begin XCBuildConfiguration section */
		2E67658625321061000349C1 /* Debug */ = {
			isa = XCBuildConfiguration;
			buildSettings = {
				ALWAYS_SEARCH_USER_PATHS = NO;
				CLANG_ANALYZER_NONNULL = YES;
				CLANG_ANALYZER_NUMBER_OBJECT_CONVERSION = YES_AGGRESSIVE;
				CLANG_CXX_LANGUAGE_STANDARD = "gnu++14";
				CLANG_CXX_LIBRARY = "libc++";
				CLANG_ENABLE_MODULES = YES;
				CLANG_ENABLE_OBJC_ARC = YES;
				CLANG_ENABLE_OBJC_WEAK = YES;
				CLANG_WARN_BLOCK_CAPTURE_AUTORELEASING = YES;
				CLANG_WARN_BOOL_CONVERSION = YES;
				CLANG_WARN_COMMA = YES;
				CLANG_WARN_CONSTANT_CONVERSION = YES;
				CLANG_WARN_DEPRECATED_OBJC_IMPLEMENTATIONS = YES;
				CLANG_WARN_DIRECT_OBJC_ISA_USAGE = YES_ERROR;
				CLANG_WARN_DOCUMENTATION_COMMENTS = YES;
				CLANG_WARN_EMPTY_BODY = YES;
				CLANG_WARN_ENUM_CONVERSION = YES;
				CLANG_WARN_INFINITE_RECURSION = YES;
				CLANG_WARN_INT_CONVERSION = YES;
				CLANG_WARN_NON_LITERAL_NULL_CONVERSION = YES;
				CLANG_WARN_OBJC_IMPLICIT_RETAIN_SELF = YES;
				CLANG_WARN_OBJC_LITERAL_CONVERSION = YES;
				CLANG_WARN_OBJC_ROOT_CLASS = YES_ERROR;
				CLANG_WARN_RANGE_LOOP_ANALYSIS = YES;
				CLANG_WARN_STRICT_PROTOTYPES = YES;
				CLANG_WARN_SUSPICIOUS_MOVE = YES;
				CLANG_WARN_UNGUARDED_AVAILABILITY = YES_AGGRESSIVE;
				CLANG_WARN_UNREACHABLE_CODE = YES;
				CLANG_WARN__DUPLICATE_METHOD_MATCH = YES;
				COPY_PHASE_STRIP = NO;
				DEBUG_INFORMATION_FORMAT = dwarf;
				ENABLE_STRICT_OBJC_MSGSEND = YES;
				ENABLE_TESTABILITY = YES;
				GCC_C_LANGUAGE_STANDARD = gnu11;
				GCC_DYNAMIC_NO_PIC = NO;
				GCC_NO_COMMON_BLOCKS = YES;
				GCC_OPTIMIZATION_LEVEL = 0;
				GCC_PREPROCESSOR_DEFINITIONS = (
					"DEBUG=1",
					"$(inherited)",
				);
				GCC_WARN_64_TO_32_BIT_CONVERSION = YES;
				GCC_WARN_ABOUT_RETURN_TYPE = YES_ERROR;
				GCC_WARN_UNDECLARED_SELECTOR = YES;
				GCC_WARN_UNINITIALIZED_AUTOS = YES_AGGRESSIVE;
				GCC_WARN_UNUSED_FUNCTION = YES;
				GCC_WARN_UNUSED_VARIABLE = YES;
				IPHONEOS_DEPLOYMENT_TARGET = 13.7;
				MTL_ENABLE_DEBUG_INFO = INCLUDE_SOURCE;
				MTL_FAST_MATH = YES;
				ONLY_ACTIVE_ARCH = YES;
				SDKROOT = iphoneos;
				SWIFT_ACTIVE_COMPILATION_CONDITIONS = DEBUG;
				SWIFT_OPTIMIZATION_LEVEL = "-Onone";
			};
			name = Debug;
		};
		2E67658725321061000349C1 /* Release */ = {
			isa = XCBuildConfiguration;
			buildSettings = {
				ALWAYS_SEARCH_USER_PATHS = NO;
				CLANG_ANALYZER_NONNULL = YES;
				CLANG_ANALYZER_NUMBER_OBJECT_CONVERSION = YES_AGGRESSIVE;
				CLANG_CXX_LANGUAGE_STANDARD = "gnu++14";
				CLANG_CXX_LIBRARY = "libc++";
				CLANG_ENABLE_MODULES = YES;
				CLANG_ENABLE_OBJC_ARC = YES;
				CLANG_ENABLE_OBJC_WEAK = YES;
				CLANG_WARN_BLOCK_CAPTURE_AUTORELEASING = YES;
				CLANG_WARN_BOOL_CONVERSION = YES;
				CLANG_WARN_COMMA = YES;
				CLANG_WARN_CONSTANT_CONVERSION = YES;
				CLANG_WARN_DEPRECATED_OBJC_IMPLEMENTATIONS = YES;
				CLANG_WARN_DIRECT_OBJC_ISA_USAGE = YES_ERROR;
				CLANG_WARN_DOCUMENTATION_COMMENTS = YES;
				CLANG_WARN_EMPTY_BODY = YES;
				CLANG_WARN_ENUM_CONVERSION = YES;
				CLANG_WARN_INFINITE_RECURSION = YES;
				CLANG_WARN_INT_CONVERSION = YES;
				CLANG_WARN_NON_LITERAL_NULL_CONVERSION = YES;
				CLANG_WARN_OBJC_IMPLICIT_RETAIN_SELF = YES;
				CLANG_WARN_OBJC_LITERAL_CONVERSION = YES;
				CLANG_WARN_OBJC_ROOT_CLASS = YES_ERROR;
				CLANG_WARN_RANGE_LOOP_ANALYSIS = YES;
				CLANG_WARN_STRICT_PROTOTYPES = YES;
				CLANG_WARN_SUSPICIOUS_MOVE = YES;
				CLANG_WARN_UNGUARDED_AVAILABILITY = YES_AGGRESSIVE;
				CLANG_WARN_UNREACHABLE_CODE = YES;
				CLANG_WARN__DUPLICATE_METHOD_MATCH = YES;
				COPY_PHASE_STRIP = NO;
				DEBUG_INFORMATION_FORMAT = "dwarf-with-dsym";
				ENABLE_NS_ASSERTIONS = NO;
				ENABLE_STRICT_OBJC_MSGSEND = YES;
				GCC_C_LANGUAGE_STANDARD = gnu11;
				GCC_NO_COMMON_BLOCKS = YES;
				GCC_WARN_64_TO_32_BIT_CONVERSION = YES;
				GCC_WARN_ABOUT_RETURN_TYPE = YES_ERROR;
				GCC_WARN_UNDECLARED_SELECTOR = YES;
				GCC_WARN_UNINITIALIZED_AUTOS = YES_AGGRESSIVE;
				GCC_WARN_UNUSED_FUNCTION = YES;
				GCC_WARN_UNUSED_VARIABLE = YES;
				IPHONEOS_DEPLOYMENT_TARGET = 13.7;
				MTL_ENABLE_DEBUG_INFO = NO;
				MTL_FAST_MATH = YES;
				SDKROOT = iphoneos;
				SWIFT_COMPILATION_MODE = wholemodule;
				SWIFT_OPTIMIZATION_LEVEL = "-O";
				VALIDATE_PRODUCT = YES;
			};
			name = Release;
		};
		2E67658925321061000349C1 /* Debug */ = {
			isa = XCBuildConfiguration;
			buildSettings = {
				ASSETCATALOG_COMPILER_APPICON_NAME = AppIcon;
				CODE_SIGN_STYLE = Automatic;
				DEVELOPMENT_ASSET_PATHS = "\"FriendsChallenge/Preview Content\"";
				DEVELOPMENT_TEAM = 8V9CKX4NBY;
				ENABLE_PREVIEWS = YES;
				INFOPLIST_FILE = FriendsChallenge/Info.plist;
				LD_RUNPATH_SEARCH_PATHS = (
					"$(inherited)",
					"@executable_path/Frameworks",
				);
				PRODUCT_BUNDLE_IDENTIFIER = "Diogo-Melo.FriendsChallenge";
				PRODUCT_NAME = "$(TARGET_NAME)";
				SWIFT_VERSION = 5.0;
				TARGETED_DEVICE_FAMILY = "1,2";
			};
			name = Debug;
		};
		2E67658A25321061000349C1 /* Release */ = {
			isa = XCBuildConfiguration;
			buildSettings = {
				ASSETCATALOG_COMPILER_APPICON_NAME = AppIcon;
				CODE_SIGN_STYLE = Automatic;
				DEVELOPMENT_ASSET_PATHS = "\"FriendsChallenge/Preview Content\"";
				DEVELOPMENT_TEAM = 8V9CKX4NBY;
				ENABLE_PREVIEWS = YES;
				INFOPLIST_FILE = FriendsChallenge/Info.plist;
				LD_RUNPATH_SEARCH_PATHS = (
					"$(inherited)",
					"@executable_path/Frameworks",
				);
				PRODUCT_BUNDLE_IDENTIFIER = "Diogo-Melo.FriendsChallenge";
				PRODUCT_NAME = "$(TARGET_NAME)";
				SWIFT_VERSION = 5.0;
				TARGETED_DEVICE_FAMILY = "1,2";
			};
			name = Release;
		};
/* End XCBuildConfiguration section */

/* Begin XCConfigurationList section */
		2E67656C25321061000349C1 /* Build configuration list for PBXProject "FriendsChallenge" */ = {
			isa = XCConfigurationList;
			buildConfigurations = (
				2E67658625321061000349C1 /* Debug */,
				2E67658725321061000349C1 /* Release */,
			);
			defaultConfigurationIsVisible = 0;
			defaultConfigurationName = Release;
		};
		2E67658825321061000349C1 /* Build configuration list for PBXNativeTarget "FriendsChallenge" */ = {
			isa = XCConfigurationList;
			buildConfigurations = (
				2E67658925321061000349C1 /* Debug */,
				2E67658A25321061000349C1 /* Release */,
			);
			defaultConfigurationIsVisible = 0;
			defaultConfigurationName = Release;
		};
/* End XCConfigurationList section */

/* Begin XCVersionGroup section */
		2E67657825321061000349C1 /* FriendsChallenge.xcdatamodeld */ = {
			isa = XCVersionGroup;
			children = (
				2E67657925321061000349C1 /* FriendsChallenge.xcdatamodel */,
			);
			currentVersion = 2E67657925321061000349C1 /* FriendsChallenge.xcdatamodel */;
			path = FriendsChallenge.xcdatamodeld;
			sourceTree = "<group>";
			versionGroupType = wrapper.xcdatamodel;
		};
/* End XCVersionGroup section */
	};
	rootObject = 2E67656925321061000349C1 /* Project object */;
}
