// !$*UTF8*$!
{
	archiveVersion = 1;
	classes = {
	};
	objectVersion = 50;
	objects = {

/* Begin PBXBuildFile section */
		2E8728702534DD7E00D4EF8F /* ImagePicker.swift in Sources */ = {isa = PBXBuildFile; fileRef = 2E87286F2534DD7E00D4EF8F /* ImagePicker.swift */; };
		2E8728722538D31B00D4EF8F /* ImageSaver.swift in Sources */ = {isa = PBXBuildFile; fileRef = 2E8728712538D31B00D4EF8F /* ImageSaver.swift */; };
		2EDE32D32534D12B0005373E /* AppDelegate.swift in Sources */ = {isa = PBXBuildFile; fileRef = 2EDE32D22534D12B0005373E /* AppDelegate.swift */; };
		2EDE32D52534D12B0005373E /* SceneDelegate.swift in Sources */ = {isa = PBXBuildFile; fileRef = 2EDE32D42534D12B0005373E /* SceneDelegate.swift */; };
		2EDE32D82534D12B0005373E /* Instafilter.xcdatamodeld in Sources */ = {isa = PBXBuildFile; fileRef = 2EDE32D62534D12B0005373E /* Instafilter.xcdatamodeld */; };
		2EDE32DA2534D12B0005373E /* ContentView.swift in Sources */ = {isa = PBXBuildFile; fileRef = 2EDE32D92534D12B0005373E /* ContentView.swift */; };
		2EDE32DC2534D12D0005373E /* Assets.xcassets in Resources */ = {isa = PBXBuildFile; fileRef = 2EDE32DB2534D12D0005373E /* Assets.xcassets */; };
		2EDE32DF2534D12D0005373E /* Preview Assets.xcassets in Resources */ = {isa = PBXBuildFile; fileRef = 2EDE32DE2534D12D0005373E /* Preview Assets.xcassets */; };
		2EDE32E22534D12D0005373E /* LaunchScreen.storyboard in Resources */ = {isa = PBXBuildFile; fileRef = 2EDE32E02534D12D0005373E /* LaunchScreen.storyboard */; };
/* End PBXBuildFile section */

/* Begin PBXFileReference section */
		2E87286F2534DD7E00D4EF8F /* ImagePicker.swift */ = {isa = PBXFileReference; lastKnownFileType = sourcecode.swift; path = ImagePicker.swift; sourceTree = "<group>"; };
		2E8728712538D31B00D4EF8F /* ImageSaver.swift */ = {isa = PBXFileReference; lastKnownFileType = sourcecode.swift; path = ImageSaver.swift; sourceTree = "<group>"; };
		2EDE32CF2534D12B0005373E /* Instafilter.app */ = {isa = PBXFileReference; explicitFileType = wrapper.application; includeInIndex = 0; path = Instafilter.app; sourceTree = BUILT_PRODUCTS_DIR; };
		2EDE32D22534D12B0005373E /* AppDelegate.swift */ = {isa = PBXFileReference; lastKnownFileType = sourcecode.swift; path = AppDelegate.swift; sourceTree = "<group>"; };
		2EDE32D42534D12B0005373E /* SceneDelegate.swift */ = {isa = PBXFileReference; lastKnownFileType = sourcecode.swift; path = SceneDelegate.swift; sourceTree = "<group>"; };
		2EDE32D72534D12B0005373E /* Instafilter.xcdatamodel */ = {isa = PBXFileReference; lastKnownFileType = wrapper.xcdatamodel; path = Instafilter.xcdatamodel; sourceTree = "<group>"; };
		2EDE32D92534D12B0005373E /* ContentView.swift */ = {isa = PBXFileReference; lastKnownFileType = sourcecode.swift; path = ContentView.swift; sourceTree = "<group>"; };
		2EDE32DB2534D12D0005373E /* Assets.xcassets */ = {isa = PBXFileReference; lastKnownFileType = folder.assetcatalog; path = Assets.xcassets; sourceTree = "<group>"; };
		2EDE32DE2534D12D0005373E /* Preview Assets.xcassets */ = {isa = PBXFileReference; lastKnownFileType = folder.assetcatalog; path = "Preview Assets.xcassets"; sourceTree = "<group>"; };
		2EDE32E12534D12D0005373E /* Base */ = {isa = PBXFileReference; lastKnownFileType = file.storyboard; name = Base; path = Base.lproj/LaunchScreen.storyboard; sourceTree = "<group>"; };
		2EDE32E32534D12D0005373E /* Info.plist */ = {isa = PBXFileReference; lastKnownFileType = text.plist.xml; path = Info.plist; sourceTree = "<group>"; };
/* End PBXFileReference section */

/* Begin PBXFrameworksBuildPhase section */
		2EDE32CC2534D12B0005373E /* Frameworks */ = {
			isa = PBXFrameworksBuildPhase;
			buildActionMask = 2147483647;
			files = (
			);
			runOnlyForDeploymentPostprocessing = 0;
		};
/* End PBXFrameworksBuildPhase section */

/* Begin PBXGroup section */
		2EDE32C62534D12B0005373E = {
			isa = PBXGroup;
			children = (
				2E87286F2534DD7E00D4EF8F /* ImagePicker.swift */,
				2E8728712538D31B00D4EF8F /* ImageSaver.swift */,
				2EDE32D12534D12B0005373E /* Instafilter */,
				2EDE32D02534D12B0005373E /* Products */,
			);
			sourceTree = "<group>";
		};
		2EDE32D02534D12B0005373E /* Products */ = {
			isa = PBXGroup;
			children = (
				2EDE32CF2534D12B0005373E /* Instafilter.app */,
			);
			name = Products;
			sourceTree = "<group>";
		};
		2EDE32D12534D12B0005373E /* Instafilter */ = {
			isa = PBXGroup;
			children = (
				2EDE32D22534D12B0005373E /* AppDelegate.swift */,
				2EDE32D42534D12B0005373E /* SceneDelegate.swift */,
				2EDE32D92534D12B0005373E /* ContentView.swift */,
				2EDE32DB2534D12D0005373E /* Assets.xcassets */,
				2EDE32E02534D12D0005373E /* LaunchScreen.storyboard */,
				2EDE32E32534D12D0005373E /* Info.plist */,
				2EDE32D62534D12B0005373E /* Instafilter.xcdatamodeld */,
				2EDE32DD2534D12D0005373E /* Preview Content */,
			);
			path = Instafilter;
			sourceTree = "<group>";
		};
		2EDE32DD2534D12D0005373E /* Preview Content */ = {
			isa = PBXGroup;
			children = (
				2EDE32DE2534D12D0005373E /* Preview Assets.xcassets */,
			);
			path = "Preview Content";
			sourceTree = "<group>";
		};
/* End PBXGroup section */

/* Begin PBXNativeTarget section */
		2EDE32CE2534D12B0005373E /* Instafilter */ = {
			isa = PBXNativeTarget;
			buildConfigurationList = 2EDE32E62534D12D0005373E /* Build configuration list for PBXNativeTarget "Instafilter" */;
			buildPhases = (
				2EDE32CB2534D12B0005373E /* Sources */,
				2EDE32CC2534D12B0005373E /* Frameworks */,
				2EDE32CD2534D12B0005373E /* Resources */,
			);
			buildRules = (
			);
			dependencies = (
			);
			name = Instafilter;
			productName = Instafilter;
			productReference = 2EDE32CF2534D12B0005373E /* Instafilter.app */;
			productType = "com.apple.product-type.application";
		};
/* End PBXNativeTarget section */

/* Begin PBXProject section */
		2EDE32C72534D12B0005373E /* Project object */ = {
			isa = PBXProject;
			attributes = {
				LastSwiftUpdateCheck = 1170;
				LastUpgradeCheck = 1170;
				ORGANIZATIONNAME = "Diogo Melo";
				TargetAttributes = {
					2EDE32CE2534D12B0005373E = {
						CreatedOnToolsVersion = 11.7;
					};
				};
			};
			buildConfigurationList = 2EDE32CA2534D12B0005373E /* Build configuration list for PBXProject "Instafilter" */;
			compatibilityVersion = "Xcode 9.3";
			developmentRegion = en;
			hasScannedForEncodings = 0;
			knownRegions = (
				en,
				Base,
			);
			mainGroup = 2EDE32C62534D12B0005373E;
			productRefGroup = 2EDE32D02534D12B0005373E /* Products */;
			projectDirPath = "";
			projectRoot = "";
			targets = (
				2EDE32CE2534D12B0005373E /* Instafilter */,
			);
		};
/* End PBXProject section */

/* Begin PBXResourcesBuildPhase section */
		2EDE32CD2534D12B0005373E /* Resources */ = {
			isa = PBXResourcesBuildPhase;
			buildActionMask = 2147483647;
			files = (
				2EDE32E22534D12D0005373E /* LaunchScreen.storyboard in Resources */,
				2EDE32DF2534D12D0005373E /* Preview Assets.xcassets in Resources */,
				2EDE32DC2534D12D0005373E /* Assets.xcassets in Resources */,
			);
			runOnlyForDeploymentPostprocessing = 0;
		};
/* End PBXResourcesBuildPhase section */

/* Begin PBXSourcesBuildPhase section */
		2EDE32CB2534D12B0005373E /* Sources */ = {
			isa = PBXSourcesBuildPhase;
			buildActionMask = 2147483647;
			files = (
				2EDE32D82534D12B0005373E /* Instafilter.xcdatamodeld in Sources */,
				2E8728722538D31B00D4EF8F /* ImageSaver.swift in Sources */,
				2EDE32D32534D12B0005373E /* AppDelegate.swift in Sources */,
				2E8728702534DD7E00D4EF8F /* ImagePicker.swift in Sources */,
				2EDE32DA2534D12B0005373E /* ContentView.swift in Sources */,
				2EDE32D52534D12B0005373E /* SceneDelegate.swift in Sources */,
			);
			runOnlyForDeploymentPostprocessing = 0;
		};
/* End PBXSourcesBuildPhase section */

/* Begin PBXVariantGroup section */
		2EDE32E02534D12D0005373E /* LaunchScreen.storyboard */ = {
			isa = PBXVariantGroup;
			children = (
				2EDE32E12534D12D0005373E /* Base */,
			);
			name = LaunchScreen.storyboard;
			sourceTree = "<group>";
		};
/* End PBXVariantGroup section */

/* Begin XCBuildConfiguration section */
		2EDE32E42534D12D0005373E /* Debug */ = {
			isa = XCBuildConfiguration;
			buildSettings = {
				ALWAYS_SEARCH_USER_PATHS = NO;
				CLANG_ANALYZER_NONNULL = YES;
				CLANG_ANALYZER_NUMBER_OBJECT_CONVERSION = YES_AGGRESSIVE;
				CLANG_CXX_LANGUAGE_STANDARD = "gnu++14";
				CLANG_CXX_LIBRARY = "libc++";
				CLANG_ENABLE_MODULES = YES;
				CLANG_ENABLE_OBJC_ARC = YES;
				CLANG_ENABLE_OBJC_WEAK = YES;
				CLANG_WARN_BLOCK_CAPTURE_AUTORELEASING = YES;
				CLANG_WARN_BOOL_CONVERSION = YES;
				CLANG_WARN_COMMA = YES;
				CLANG_WARN_CONSTANT_CONVERSION = YES;
				CLANG_WARN_DEPRECATED_OBJC_IMPLEMENTATIONS = YES;
				CLANG_WARN_DIRECT_OBJC_ISA_USAGE = YES_ERROR;
				CLANG_WARN_DOCUMENTATION_COMMENTS = YES;
				CLANG_WARN_EMPTY_BODY = YES;
				CLANG_WARN_ENUM_CONVERSION = YES;
				CLANG_WARN_INFINITE_RECURSION = YES;
				CLANG_WARN_INT_CONVERSION = YES;
				CLANG_WARN_NON_LITERAL_NULL_CONVERSION = YES;
				CLANG_WARN_OBJC_IMPLICIT_RETAIN_SELF = YES;
				CLANG_WARN_OBJC_LITERAL_CONVERSION = YES;
				CLANG_WARN_OBJC_ROOT_CLASS = YES_ERROR;
				CLANG_WARN_RANGE_LOOP_ANALYSIS = YES;
				CLANG_WARN_STRICT_PROTOTYPES = YES;
				CLANG_WARN_SUSPICIOUS_MOVE = YES;
				CLANG_WARN_UNGUARDED_AVAILABILITY = YES_AGGRESSIVE;
				CLANG_WARN_UNREACHABLE_CODE = YES;
				CLANG_WARN__DUPLICATE_METHOD_MATCH = YES;
				COPY_PHASE_STRIP = NO;
				DEBUG_INFORMATION_FORMAT = dwarf;
				ENABLE_STRICT_OBJC_MSGSEND = YES;
				ENABLE_TESTABILITY = YES;
				GCC_C_LANGUAGE_STANDARD = gnu11;
				GCC_DYNAMIC_NO_PIC = NO;
				GCC_NO_COMMON_BLOCKS = YES;
				GCC_OPTIMIZATION_LEVEL = 0;
				GCC_PREPROCESSOR_DEFINITIONS = (
					"DEBUG=1",
					"$(inherited)",
				);
				GCC_WARN_64_TO_32_BIT_CONVERSION = YES;
				GCC_WARN_ABOUT_RETURN_TYPE = YES_ERROR;
				GCC_WARN_UNDECLARED_SELECTOR = YES;
				GCC_WARN_UNINITIALIZED_AUTOS = YES_AGGRESSIVE;
				GCC_WARN_UNUSED_FUNCTION = YES;
				GCC_WARN_UNUSED_VARIABLE = YES;
				IPHONEOS_DEPLOYMENT_TARGET = 13.7;
				MTL_ENABLE_DEBUG_INFO = INCLUDE_SOURCE;
				MTL_FAST_MATH = YES;
				ONLY_ACTIVE_ARCH = YES;
				SDKROOT = iphoneos;
				SWIFT_ACTIVE_COMPILATION_CONDITIONS = DEBUG;
				SWIFT_OPTIMIZATION_LEVEL = "-Onone";
			};
			name = Debug;
		};
		2EDE32E52534D12D0005373E /* Release */ = {
			isa = XCBuildConfiguration;
			buildSettings = {
				ALWAYS_SEARCH_USER_PATHS = NO;
				CLANG_ANALYZER_NONNULL = YES;
				CLANG_ANALYZER_NUMBER_OBJECT_CONVERSION = YES_AGGRESSIVE;
				CLANG_CXX_LANGUAGE_STANDARD = "gnu++14";
				CLANG_CXX_LIBRARY = "libc++";
				CLANG_ENABLE_MODULES = YES;
				CLANG_ENABLE_OBJC_ARC = YES;
				CLANG_ENABLE_OBJC_WEAK = YES;
				CLANG_WARN_BLOCK_CAPTURE_AUTORELEASING = YES;
				CLANG_WARN_BOOL_CONVERSION = YES;
				CLANG_WARN_COMMA = YES;
				CLANG_WARN_CONSTANT_CONVERSION = YES;
				CLANG_WARN_DEPRECATED_OBJC_IMPLEMENTATIONS = YES;
				CLANG_WARN_DIRECT_OBJC_ISA_USAGE = YES_ERROR;
				CLANG_WARN_DOCUMENTATION_COMMENTS = YES;
				CLANG_WARN_EMPTY_BODY = YES;
				CLANG_WARN_ENUM_CONVERSION = YES;
				CLANG_WARN_INFINITE_RECURSION = YES;
				CLANG_WARN_INT_CONVERSION = YES;
				CLANG_WARN_NON_LITERAL_NULL_CONVERSION = YES;
				CLANG_WARN_OBJC_IMPLICIT_RETAIN_SELF = YES;
				CLANG_WARN_OBJC_LITERAL_CONVERSION = YES;
				CLANG_WARN_OBJC_ROOT_CLASS = YES_ERROR;
				CLANG_WARN_RANGE_LOOP_ANALYSIS = YES;
				CLANG_WARN_STRICT_PROTOTYPES = YES;
				CLANG_WARN_SUSPICIOUS_MOVE = YES;
				CLANG_WARN_UNGUARDED_AVAILABILITY = YES_AGGRESSIVE;
				CLANG_WARN_UNREACHABLE_CODE = YES;
				CLANG_WARN__DUPLICATE_METHOD_MATCH = YES;
				COPY_PHASE_STRIP = NO;
				DEBUG_INFORMATION_FORMAT = "dwarf-with-dsym";
				ENABLE_NS_ASSERTIONS = NO;
				ENABLE_STRICT_OBJC_MSGSEND = YES;
				GCC_C_LANGUAGE_STANDARD = gnu11;
				GCC_NO_COMMON_BLOCKS = YES;
				GCC_WARN_64_TO_32_BIT_CONVERSION = YES;
				GCC_WARN_ABOUT_RETURN_TYPE = YES_ERROR;
				GCC_WARN_UNDECLARED_SELECTOR = YES;
				GCC_WARN_UNINITIALIZED_AUTOS = YES_AGGRESSIVE;
				GCC_WARN_UNUSED_FUNCTION = YES;
				GCC_WARN_UNUSED_VARIABLE = YES;
				IPHONEOS_DEPLOYMENT_TARGET = 13.7;
				MTL_ENABLE_DEBUG_INFO = NO;
				MTL_FAST_MATH = YES;
				SDKROOT = iphoneos;
				SWIFT_COMPILATION_MODE = wholemodule;
				SWIFT_OPTIMIZATION_LEVEL = "-O";
				VALIDATE_PRODUCT = YES;
			};
			name = Release;
		};
		2EDE32E72534D12D0005373E /* Debug */ = {
			isa = XCBuildConfiguration;
			buildSettings = {
				ASSETCATALOG_COMPILER_APPICON_NAME = AppIcon;
				CODE_SIGN_STYLE = Automatic;
				DEVELOPMENT_ASSET_PATHS = "\"Instafilter/Preview Content\"";
				DEVELOPMENT_TEAM = 8V9CKX4NBY;
				ENABLE_PREVIEWS = YES;
				INFOPLIST_FILE = Instafilter/Info.plist;
				LD_RUNPATH_SEARCH_PATHS = (
					"$(inherited)",
					"@executable_path/Frameworks",
				);
				PRODUCT_BUNDLE_IDENTIFIER = "Diogo-Melo.Instafilter";
				PRODUCT_NAME = "$(TARGET_NAME)";
				SWIFT_VERSION = 5.0;
				TARGETED_DEVICE_FAMILY = "1,2";
			};
			name = Debug;
		};
		2EDE32E82534D12D0005373E /* Release */ = {
			isa = XCBuildConfiguration;
			buildSettings = {
				ASSETCATALOG_COMPILER_APPICON_NAME = AppIcon;
				CODE_SIGN_STYLE = Automatic;
				DEVELOPMENT_ASSET_PATHS = "\"Instafilter/Preview Content\"";
				DEVELOPMENT_TEAM = 8V9CKX4NBY;
				ENABLE_PREVIEWS = YES;
				INFOPLIST_FILE = Instafilter/Info.plist;
				LD_RUNPATH_SEARCH_PATHS = (
					"$(inherited)",
					"@executable_path/Frameworks",
				);
				PRODUCT_BUNDLE_IDENTIFIER = "Diogo-Melo.Instafilter";
				PRODUCT_NAME = "$(TARGET_NAME)";
				SWIFT_VERSION = 5.0;
				TARGETED_DEVICE_FAMILY = "1,2";
			};
			name = Release;
		};
/* End XCBuildConfiguration section */

/* Begin XCConfigurationList section */
		2EDE32CA2534D12B0005373E /* Build configuration list for PBXProject "Instafilter" */ = {
			isa = XCConfigurationList;
			buildConfigurations = (
				2EDE32E42534D12D0005373E /* Debug */,
				2EDE32E52534D12D0005373E /* Release */,
			);
			defaultConfigurationIsVisible = 0;
			defaultConfigurationName = Release;
		};
		2EDE32E62534D12D0005373E /* Build configuration list for PBXNativeTarget "Instafilter" */ = {
			isa = XCConfigurationList;
			buildConfigurations = (
				2EDE32E72534D12D0005373E /* Debug */,
				2EDE32E82534D12D0005373E /* Release */,
			);
			defaultConfigurationIsVisible = 0;
			defaultConfigurationName = Release;
		};
/* End XCConfigurationList section */

/* Begin XCVersionGroup section */
		2EDE32D62534D12B0005373E /* Instafilter.xcdatamodeld */ = {
			isa = XCVersionGroup;
			children = (
				2EDE32D72534D12B0005373E /* Instafilter.xcdatamodel */,
			);
			currentVersion = 2EDE32D72534D12B0005373E /* Instafilter.xcdatamodel */;
			path = Instafilter.xcdatamodeld;
			sourceTree = "<group>";
			versionGroupType = wrapper.xcdatamodel;
		};
/* End XCVersionGroup section */
	};
	rootObject = 2EDE32C72534D12B0005373E /* Project object */;
}
