// !$*UTF8*$!
{
	archiveVersion = 1;
	classes = {
	};
	objectVersion = 52;
	objects = {

/* Begin PBXBuildFile section */
		2E1B59532549898400CFB17A /* HotProspectsApp.swift in Sources */ = {isa = PBXBuildFile; fileRef = 2E1B59522549898400CFB17A /* HotProspectsApp.swift */; };
		2E1B59552549898400CFB17A /* ContentView.swift in Sources */ = {isa = PBXBuildFile; fileRef = 2E1B59542549898400CFB17A /* ContentView.swift */; };
		2E1B59572549898600CFB17A /* Assets.xcassets in Resources */ = {isa = PBXBuildFile; fileRef = 2E1B59562549898600CFB17A /* Assets.xcassets */; };
		2E1B595A2549898600CFB17A /* Preview Assets.xcassets in Resources */ = {isa = PBXBuildFile; fileRef = 2E1B59592549898600CFB17A /* Preview Assets.xcassets */; };
		2E1B595C2549898600CFB17A /* Persistence.swift in Sources */ = {isa = PBXBuildFile; fileRef = 2E1B595B2549898600CFB17A /* Persistence.swift */; };
		2E1B595F2549898600CFB17A /* HotProspects.xcdatamodeld in Sources */ = {isa = PBXBuildFile; fileRef = 2E1B595D2549898600CFB17A /* HotProspects.xcdatamodeld */; };
		2E1B5969254A04C200CFB17A /* SamplePackage in Frameworks */ = {isa = PBXBuildFile; productRef = 2E1B5968254A04C200CFB17A /* SamplePackage */; };
		2E1B596C254B6E1600CFB17A /* ProspectsView.swift in Sources */ = {isa = PBXBuildFile; fileRef = 2E1B596B254B6E1600CFB17A /* ProspectsView.swift */; };
		2E1B596F254B6E4200CFB17A /* MeView.swift in Sources */ = {isa = PBXBuildFile; fileRef = 2E1B596E254B6E4200CFB17A /* MeView.swift */; };
		2E1B5972254B71C500CFB17A /* Prospect.swift in Sources */ = {isa = PBXBuildFile; fileRef = 2E1B5971254B71C500CFB17A /* Prospect.swift */; };
		2EE42854255EEF390034F7AC /* CodeScanner in Frameworks */ = {isa = PBXBuildFile; productRef = 2EE42853255EEF390034F7AC /* CodeScanner */; };
/* End PBXBuildFile section */

/* Begin PBXFileReference section */
		2E1B594F2549898400CFB17A /* HotProspects.app */ = {isa = PBXFileReference; explicitFileType = wrapper.application; includeInIndex = 0; path = HotProspects.app; sourceTree = BUILT_PRODUCTS_DIR; };
		2E1B59522549898400CFB17A /* HotProspectsApp.swift */ = {isa = PBXFileReference; lastKnownFileType = sourcecode.swift; path = HotProspectsApp.swift; sourceTree = "<group>"; };
		2E1B59542549898400CFB17A /* ContentView.swift */ = {isa = PBXFileReference; lastKnownFileType = sourcecode.swift; path = ContentView.swift; sourceTree = "<group>"; };
		2E1B59562549898600CFB17A /* Assets.xcassets */ = {isa = PBXFileReference; lastKnownFileType = folder.assetcatalog; path = Assets.xcassets; sourceTree = "<group>"; };
		2E1B59592549898600CFB17A /* Preview Assets.xcassets */ = {isa = PBXFileReference; lastKnownFileType = folder.assetcatalog; path = "Preview Assets.xcassets"; sourceTree = "<group>"; };
		2E1B595B2549898600CFB17A /* Persistence.swift */ = {isa = PBXFileReference; lastKnownFileType = sourcecode.swift; path = Persistence.swift; sourceTree = "<group>"; };
		2E1B595E2549898600CFB17A /* HotProspects.xcdatamodel */ = {isa = PBXFileReference; lastKnownFileType = wrapper.xcdatamodel; path = HotProspects.xcdatamodel; sourceTree = "<group>"; };
		2E1B59602549898600CFB17A /* Info.plist */ = {isa = PBXFileReference; lastKnownFileType = text.plist.xml; path = Info.plist; sourceTree = "<group>"; };
		2E1B596B254B6E1600CFB17A /* ProspectsView.swift */ = {isa = PBXFileReference; lastKnownFileType = sourcecode.swift; path = ProspectsView.swift; sourceTree = "<group>"; };
		2E1B596E254B6E4200CFB17A /* MeView.swift */ = {isa = PBXFileReference; lastKnownFileType = sourcecode.swift; path = MeView.swift; sourceTree = "<group>"; };
		2E1B5971254B71C500CFB17A /* Prospect.swift */ = {isa = PBXFileReference; lastKnownFileType = sourcecode.swift; path = Prospect.swift; sourceTree = "<group>"; };
/* End PBXFileReference section */

/* Begin PBXFrameworksBuildPhase section */
		2E1B594C2549898400CFB17A /* Frameworks */ = {
			isa = PBXFrameworksBuildPhase;
			buildActionMask = 2147483647;
			files = (
				2EE42854255EEF390034F7AC /* CodeScanner in Frameworks */,
				2E1B5969254A04C200CFB17A /* SamplePackage in Frameworks */,
			);
			runOnlyForDeploymentPostprocessing = 0;
		};
/* End PBXFrameworksBuildPhase section */

/* Begin PBXGroup section */
		2E1B59462549898400CFB17A = {
			isa = PBXGroup;
			children = (
				2E1B59512549898400CFB17A /* HotProspects */,
				2E1B59502549898400CFB17A /* Products */,
			);
			sourceTree = "<group>";
		};
		2E1B59502549898400CFB17A /* Products */ = {
			isa = PBXGroup;
			children = (
				2E1B594F2549898400CFB17A /* HotProspects.app */,
			);
			name = Products;
			sourceTree = "<group>";
		};
		2E1B59512549898400CFB17A /* HotProspects */ = {
			isa = PBXGroup;
			children = (
				2E1B59522549898400CFB17A /* HotProspectsApp.swift */,
				2E1B59542549898400CFB17A /* ContentView.swift */,
				2E1B596B254B6E1600CFB17A /* ProspectsView.swift */,
				2E1B5971254B71C500CFB17A /* Prospect.swift */,
				2E1B596E254B6E4200CFB17A /* MeView.swift */,
				2E1B59562549898600CFB17A /* Assets.xcassets */,
				2E1B595B2549898600CFB17A /* Persistence.swift */,
				2E1B59602549898600CFB17A /* Info.plist */,
				2E1B595D2549898600CFB17A /* HotProspects.xcdatamodeld */,
				2E1B59582549898600CFB17A /* Preview Content */,
			);
			path = HotProspects;
			sourceTree = "<group>";
		};
		2E1B59582549898600CFB17A /* Preview Content */ = {
			isa = PBXGroup;
			children = (
				2E1B59592549898600CFB17A /* Preview Assets.xcassets */,
			);
			path = "Preview Content";
			sourceTree = "<group>";
		};
/* End PBXGroup section */

/* Begin PBXNativeTarget section */
		2E1B594E2549898400CFB17A /* HotProspects */ = {
			isa = PBXNativeTarget;
			buildConfigurationList = 2E1B59632549898600CFB17A /* Build configuration list for PBXNativeTarget "HotProspects" */;
			buildPhases = (
				2E1B594B2549898400CFB17A /* Sources */,
				2E1B594C2549898400CFB17A /* Frameworks */,
				2E1B594D2549898400CFB17A /* Resources */,
			);
			buildRules = (
			);
			dependencies = (
			);
			name = HotProspects;
			packageProductDependencies = (
				2E1B5968254A04C200CFB17A /* SamplePackage */,
				2EE42853255EEF390034F7AC /* CodeScanner */,
			);
			productName = HotProspects;
			productReference = 2E1B594F2549898400CFB17A /* HotProspects.app */;
			productType = "com.apple.product-type.application";
		};
/* End PBXNativeTarget section */

/* Begin PBXProject section */
		2E1B59472549898400CFB17A /* Project object */ = {
			isa = PBXProject;
			attributes = {
				LastSwiftUpdateCheck = 1210;
				LastUpgradeCheck = 1210;
				TargetAttributes = {
					2E1B594E2549898400CFB17A = {
						CreatedOnToolsVersion = 12.1;
					};
				};
			};
			buildConfigurationList = 2E1B594A2549898400CFB17A /* Build configuration list for PBXProject "HotProspects" */;
			compatibilityVersion = "Xcode 9.3";
			developmentRegion = en;
			hasScannedForEncodings = 0;
			knownRegions = (
				en,
				Base,
			);
			mainGroup = 2E1B59462549898400CFB17A;
			packageReferences = (
				2E1B5967254A04C200CFB17A /* XCRemoteSwiftPackageReference "SamplePackage" */,
				2EE42852255EEF390034F7AC /* XCRemoteSwiftPackageReference "CodeScanner" */,
			);
			productRefGroup = 2E1B59502549898400CFB17A /* Products */;
			projectDirPath = "";
			projectRoot = "";
			targets = (
				2E1B594E2549898400CFB17A /* HotProspects */,
			);
		};
/* End PBXProject section */

/* Begin PBXResourcesBuildPhase section */
		2E1B594D2549898400CFB17A /* Resources */ = {
			isa = PBXResourcesBuildPhase;
			buildActionMask = 2147483647;
			files = (
				2E1B595A2549898600CFB17A /* Preview Assets.xcassets in Resources */,
				2E1B59572549898600CFB17A /* Assets.xcassets in Resources */,
			);
			runOnlyForDeploymentPostprocessing = 0;
		};
/* End PBXResourcesBuildPhase section */

/* Begin PBXSourcesBuildPhase section */
		2E1B594B2549898400CFB17A /* Sources */ = {
			isa = PBXSourcesBuildPhase;
			buildActionMask = 2147483647;
			files = (
				2E1B596F254B6E4200CFB17A /* MeView.swift in Sources */,
				2E1B595C2549898600CFB17A /* Persistence.swift in Sources */,
				2E1B59552549898400CFB17A /* ContentView.swift in Sources */,
				2E1B5972254B71C500CFB17A /* Prospect.swift in Sources */,
				2E1B596C254B6E1600CFB17A /* ProspectsView.swift in Sources */,
				2E1B59532549898400CFB17A /* HotProspectsApp.swift in Sources */,
				2E1B595F2549898600CFB17A /* HotProspects.xcdatamodeld in Sources */,
			);
			runOnlyForDeploymentPostprocessing = 0;
		};
/* End PBXSourcesBuildPhase section */

/* Begin XCBuildConfiguration section */
		2E1B59612549898600CFB17A /* Debug */ = {
			isa = XCBuildConfiguration;
			buildSettings = {
				ALWAYS_SEARCH_USER_PATHS = NO;
				CLANG_ANALYZER_NONNULL = YES;
				CLANG_ANALYZER_NUMBER_OBJECT_CONVERSION = YES_AGGRESSIVE;
				CLANG_CXX_LANGUAGE_STANDARD = "gnu++14";
				CLANG_CXX_LIBRARY = "libc++";
				CLANG_ENABLE_MODULES = YES;
				CLANG_ENABLE_OBJC_ARC = YES;
				CLANG_ENABLE_OBJC_WEAK = YES;
				CLANG_WARN_BLOCK_CAPTURE_AUTORELEASING = YES;
				CLANG_WARN_BOOL_CONVERSION = YES;
				CLANG_WARN_COMMA = YES;
				CLANG_WARN_CONSTANT_CONVERSION = YES;
				CLANG_WARN_DEPRECATED_OBJC_IMPLEMENTATIONS = YES;
				CLANG_WARN_DIRECT_OBJC_ISA_USAGE = YES_ERROR;
				CLANG_WARN_DOCUMENTATION_COMMENTS = YES;
				CLANG_WARN_EMPTY_BODY = YES;
				CLANG_WARN_ENUM_CONVERSION = YES;
				CLANG_WARN_INFINITE_RECURSION = YES;
				CLANG_WARN_INT_CONVERSION = YES;
				CLANG_WARN_NON_LITERAL_NULL_CONVERSION = YES;
				CLANG_WARN_OBJC_IMPLICIT_RETAIN_SELF = YES;
				CLANG_WARN_OBJC_LITERAL_CONVERSION = YES;
				CLANG_WARN_OBJC_ROOT_CLASS = YES_ERROR;
				CLANG_WARN_QUOTED_INCLUDE_IN_FRAMEWORK_HEADER = YES;
				CLANG_WARN_RANGE_LOOP_ANALYSIS = YES;
				CLANG_WARN_STRICT_PROTOTYPES = YES;
				CLANG_WARN_SUSPICIOUS_MOVE = YES;
				CLANG_WARN_UNGUARDED_AVAILABILITY = YES_AGGRESSIVE;
				CLANG_WARN_UNREACHABLE_CODE = YES;
				CLANG_WARN__DUPLICATE_METHOD_MATCH = YES;
				COPY_PHASE_STRIP = NO;
				DEBUG_INFORMATION_FORMAT = dwarf;
				ENABLE_STRICT_OBJC_MSGSEND = YES;
				ENABLE_TESTABILITY = YES;
				GCC_C_LANGUAGE_STANDARD = gnu11;
				GCC_DYNAMIC_NO_PIC = NO;
				GCC_NO_COMMON_BLOCKS = YES;
				GCC_OPTIMIZATION_LEVEL = 0;
				GCC_PREPROCESSOR_DEFINITIONS = (
					"DEBUG=1",
					"$(inherited)",
				);
				GCC_WARN_64_TO_32_BIT_CONVERSION = YES;
				GCC_WARN_ABOUT_RETURN_TYPE = YES_ERROR;
				GCC_WARN_UNDECLARED_SELECTOR = YES;
				GCC_WARN_UNINITIALIZED_AUTOS = YES_AGGRESSIVE;
				GCC_WARN_UNUSED_FUNCTION = YES;
				GCC_WARN_UNUSED_VARIABLE = YES;
				IPHONEOS_DEPLOYMENT_TARGET = 14.1;
				MTL_ENABLE_DEBUG_INFO = INCLUDE_SOURCE;
				MTL_FAST_MATH = YES;
				ONLY_ACTIVE_ARCH = YES;
				SDKROOT = iphoneos;
				SWIFT_ACTIVE_COMPILATION_CONDITIONS = DEBUG;
				SWIFT_OPTIMIZATION_LEVEL = "-Onone";
			};
			name = Debug;
		};
		2E1B59622549898600CFB17A /* Release */ = {
			isa = XCBuildConfiguration;
			buildSettings = {
				ALWAYS_SEARCH_USER_PATHS = NO;
				CLANG_ANALYZER_NONNULL = YES;
				CLANG_ANALYZER_NUMBER_OBJECT_CONVERSION = YES_AGGRESSIVE;
				CLANG_CXX_LANGUAGE_STANDARD = "gnu++14";
				CLANG_CXX_LIBRARY = "libc++";
				CLANG_ENABLE_MODULES = YES;
				CLANG_ENABLE_OBJC_ARC = YES;
				CLANG_ENABLE_OBJC_WEAK = YES;
				CLANG_WARN_BLOCK_CAPTURE_AUTORELEASING = YES;
				CLANG_WARN_BOOL_CONVERSION = YES;
				CLANG_WARN_COMMA = YES;
				CLANG_WARN_CONSTANT_CONVERSION = YES;
				CLANG_WARN_DEPRECATED_OBJC_IMPLEMENTATIONS = YES;
				CLANG_WARN_DIRECT_OBJC_ISA_USAGE = YES_ERROR;
				CLANG_WARN_DOCUMENTATION_COMMENTS = YES;
				CLANG_WARN_EMPTY_BODY = YES;
				CLANG_WARN_ENUM_CONVERSION = YES;
				CLANG_WARN_INFINITE_RECURSION = YES;
				CLANG_WARN_INT_CONVERSION = YES;
				CLANG_WARN_NON_LITERAL_NULL_CONVERSION = YES;
				CLANG_WARN_OBJC_IMPLICIT_RETAIN_SELF = YES;
				CLANG_WARN_OBJC_LITERAL_CONVERSION = YES;
				CLANG_WARN_OBJC_ROOT_CLASS = YES_ERROR;
				CLANG_WARN_QUOTED_INCLUDE_IN_FRAMEWORK_HEADER = YES;
				CLANG_WARN_RANGE_LOOP_ANALYSIS = YES;
				CLANG_WARN_STRICT_PROTOTYPES = YES;
				CLANG_WARN_SUSPICIOUS_MOVE = YES;
				CLANG_WARN_UNGUARDED_AVAILABILITY = YES_AGGRESSIVE;
				CLANG_WARN_UNREACHABLE_CODE = YES;
				CLANG_WARN__DUPLICATE_METHOD_MATCH = YES;
				COPY_PHASE_STRIP = NO;
				DEBUG_INFORMATION_FORMAT = "dwarf-with-dsym";
				ENABLE_NS_ASSERTIONS = NO;
				ENABLE_STRICT_OBJC_MSGSEND = YES;
				GCC_C_LANGUAGE_STANDARD = gnu11;
				GCC_NO_COMMON_BLOCKS = YES;
				GCC_WARN_64_TO_32_BIT_CONVERSION = YES;
				GCC_WARN_ABOUT_RETURN_TYPE = YES_ERROR;
				GCC_WARN_UNDECLARED_SELECTOR = YES;
				GCC_WARN_UNINITIALIZED_AUTOS = YES_AGGRESSIVE;
				GCC_WARN_UNUSED_FUNCTION = YES;
				GCC_WARN_UNUSED_VARIABLE = YES;
				IPHONEOS_DEPLOYMENT_TARGET = 14.1;
				MTL_ENABLE_DEBUG_INFO = NO;
				MTL_FAST_MATH = YES;
				SDKROOT = iphoneos;
				SWIFT_COMPILATION_MODE = wholemodule;
				SWIFT_OPTIMIZATION_LEVEL = "-O";
				VALIDATE_PRODUCT = YES;
			};
			name = Release;
		};
		2E1B59642549898600CFB17A /* Debug */ = {
			isa = XCBuildConfiguration;
			buildSettings = {
				ASSETCATALOG_COMPILER_APPICON_NAME = AppIcon;
				ASSETCATALOG_COMPILER_GLOBAL_ACCENT_COLOR_NAME = AccentColor;
				CODE_SIGN_STYLE = Automatic;
				DEVELOPMENT_ASSET_PATHS = "\"HotProspects/Preview Content\"";
				DEVELOPMENT_TEAM = 8V9CKX4NBY;
				ENABLE_PREVIEWS = YES;
				INFOPLIST_FILE = HotProspects/Info.plist;
				IPHONEOS_DEPLOYMENT_TARGET = 14.2;
				LD_RUNPATH_SEARCH_PATHS = (
					"$(inherited)",
					"@executable_path/Frameworks",
				);
				MARKETING_VERSION = 1.1;
				PRODUCT_BUNDLE_IDENTIFIER = "Diogo-Melo.HotProspects";
				PRODUCT_NAME = "$(TARGET_NAME)";
				SWIFT_VERSION = 5.0;
				TARGETED_DEVICE_FAMILY = "1,2";
			};
			name = Debug;
		};
		2E1B59652549898600CFB17A /* Release */ = {
			isa = XCBuildConfiguration;
			buildSettings = {
				ASSETCATALOG_COMPILER_APPICON_NAME = AppIcon;
				ASSETCATALOG_COMPILER_GLOBAL_ACCENT_COLOR_NAME = AccentColor;
				CODE_SIGN_STYLE = Automatic;
				DEVELOPMENT_ASSET_PATHS = "\"HotProspects/Preview Content\"";
				DEVELOPMENT_TEAM = 8V9CKX4NBY;
				ENABLE_PREVIEWS = YES;
				INFOPLIST_FILE = HotProspects/Info.plist;
				IPHONEOS_DEPLOYMENT_TARGET = 14.2;
				LD_RUNPATH_SEARCH_PATHS = (
					"$(inherited)",
					"@executable_path/Frameworks",
				);
				MARKETING_VERSION = 1.1;
				PRODUCT_BUNDLE_IDENTIFIER = "Diogo-Melo.HotProspects";
				PRODUCT_NAME = "$(TARGET_NAME)";
				SWIFT_VERSION = 5.0;
				TARGETED_DEVICE_FAMILY = "1,2";
			};
			name = Release;
		};
/* End XCBuildConfiguration section */

/* Begin XCConfigurationList section */
		2E1B594A2549898400CFB17A /* Build configuration list for PBXProject "HotProspects" */ = {
			isa = XCConfigurationList;
			buildConfigurations = (
				2E1B59612549898600CFB17A /* Debug */,
				2E1B59622549898600CFB17A /* Release */,
			);
			defaultConfigurationIsVisible = 0;
			defaultConfigurationName = Release;
		};
		2E1B59632549898600CFB17A /* Build configuration list for PBXNativeTarget "HotProspects" */ = {
			isa = XCConfigurationList;
			buildConfigurations = (
				2E1B59642549898600CFB17A /* Debug */,
				2E1B59652549898600CFB17A /* Release */,
			);
			defaultConfigurationIsVisible = 0;
			defaultConfigurationName = Release;
		};
/* End XCConfigurationList section */

/* Begin XCRemoteSwiftPackageReference section */
		2E1B5967254A04C200CFB17A /* XCRemoteSwiftPackageReference "SamplePackage" */ = {
			isa = XCRemoteSwiftPackageReference;
			repositoryURL = "https://github.com/twostraws/SamplePackage";
			requirement = {
				kind = upToNextMajorVersion;
				minimumVersion = 1.0.0;
			};
		};
		2EE42852255EEF390034F7AC /* XCRemoteSwiftPackageReference "CodeScanner" */ = {
			isa = XCRemoteSwiftPackageReference;
			repositoryURL = "https://github.com/twostraws/CodeScanner";
			requirement = {
				kind = upToNextMajorVersion;
				minimumVersion = 1.0.7;
			};
		};
/* End XCRemoteSwiftPackageReference section */

/* Begin XCSwiftPackageProductDependency section */
		2E1B5968254A04C200CFB17A /* SamplePackage */ = {
			isa = XCSwiftPackageProductDependency;
			package = 2E1B5967254A04C200CFB17A /* XCRemoteSwiftPackageReference "SamplePackage" */;
			productName = SamplePackage;
		};
		2EE42853255EEF390034F7AC /* CodeScanner */ = {
			isa = XCSwiftPackageProductDependency;
			package = 2EE42852255EEF390034F7AC /* XCRemoteSwiftPackageReference "CodeScanner" */;
			productName = CodeScanner;
		};
/* End XCSwiftPackageProductDependency section */

/* Begin XCVersionGroup section */
		2E1B595D2549898600CFB17A /* HotProspects.xcdatamodeld */ = {
			isa = XCVersionGroup;
			children = (
				2E1B595E2549898600CFB17A /* HotProspects.xcdatamodel */,
			);
			currentVersion = 2E1B595E2549898600CFB17A /* HotProspects.xcdatamodel */;
			path = HotProspects.xcdatamodeld;
			sourceTree = "<group>";
			versionGroupType = wrapper.xcdatamodel;
		};
/* End XCVersionGroup section */
	};
	rootObject = 2E1B59472549898400CFB17A /* Project object */;
}
